// !$*UTF8*$!
{
	archiveVersion = 1;
	classes = {
	};
	objectVersion = 54;
	objects = {

/* Begin PBXBuildFile section */
		064989461F5C99C7006E8BB3 /* Utilities.swift in Sources */ = {isa = PBXBuildFile; fileRef = 064989451F5C99C7006E8BB3 /* Utilities.swift */; };
		135F11CE20425AF600D655A3 /* PieChartTests.swift in Sources */ = {isa = PBXBuildFile; fileRef = 135F11CD20425AF600D655A3 /* PieChartTests.swift */; };
		2243BBFD1FF156EC00B49D0B /* EquatableTests.swift in Sources */ = {isa = PBXBuildFile; fileRef = 2243BBFB1FF156D000B49D0B /* EquatableTests.swift */; };
		22786E8525CD96620051335B /* Media.xcassets in Resources */ = {isa = PBXBuildFile; fileRef = 22786E8325CD96620051335B /* Media.xcassets */; };
		228D56232554F27A00BEE75E /* Algorithms in Frameworks */ = {isa = PBXBuildFile; productRef = 228D56222554F27A00BEE75E /* Algorithms */; };
		22BBDA0825CC4C2F00435670 /* SnapshotTesting in Frameworks */ = {isa = PBXBuildFile; productRef = 22BBDA0725CC4C2F00435670 /* SnapshotTesting */; };
		2BF85BEA981B359A65E9BF67 /* LineChartTests.swift in Sources */ = {isa = PBXBuildFile; fileRef = D2E1819D72CD7B6C4A4E8048 /* LineChartTests.swift */; };
		3B11556EB7DC034E2FC958E4 /* BarChartTests.swift in Sources */ = {isa = PBXBuildFile; fileRef = 5C3F5E1A69EC06E86505F7B1 /* BarChartTests.swift */; };
		8E1192F7A7152E9DA92C56A9 /* ChartUtilsTests.swift in Sources */ = {isa = PBXBuildFile; fileRef = 7AB9062A28AAB9469752A954 /* ChartUtilsTests.swift */; };
		B66817462241E3CC00017CF1 /* HorizontalBarChartTests.swift in Sources */ = {isa = PBXBuildFile; fileRef = B66817452241E3CC00017CF1 /* HorizontalBarChartTests.swift */; };
		B6BF9A561F91993A00E62A5D /* CombinedChartTests.swift in Sources */ = {isa = PBXBuildFile; fileRef = B6BF9A551F91993A00E62A5D /* CombinedChartTests.swift */; };
		BEFD9518F3A74ACF8FA33308 /* Charts.h in Headers */ = {isa = PBXBuildFile; fileRef = 4F9922F0641F7955DC6CD324 /* Charts.h */; settings = {ATTRIBUTES = (Public, ); }; };
		C03E6D8123DAAB2600083010 /* ChartDataTests.swift in Sources */ = {isa = PBXBuildFile; fileRef = C03E6D8023DAAB2600083010 /* ChartDataTests.swift */; };
		C6B341192D5DFF48008F0A8F /* ChevronUpShapeRenderer.swift in Sources */ = {isa = PBXBuildFile; fileRef = C6B340EB2D5DFF48008F0A8F /* ChevronUpShapeRenderer.swift */; };
		C6B3411A2D5DFF48008F0A8F /* Marker.swift in Sources */ = {isa = PBXBuildFile; fileRef = C6B340922D5DFF48008F0A8F /* Marker.swift */; };
		C6B3411B2D5DFF48008F0A8F /* CandleChartDataProvider.swift in Sources */ = {isa = PBXBuildFile; fileRef = C6B340DD2D5DFF48008F0A8F /* CandleChartDataProvider.swift */; };
		C6B3411C2D5DFF48008F0A8F /* BarLineScatterCandleBubbleChartDataSetProtocol.swift in Sources */ = {isa = PBXBuildFile; fileRef = C6B340B82D5DFF48008F0A8F /* BarLineScatterCandleBubbleChartDataSetProtocol.swift */; };
		C6B3411D2D5DFF48008F0A8F /* Transformer.swift in Sources */ = {isa = PBXBuildFile; fileRef = C6B341142D5DFF48008F0A8F /* Transformer.swift */; };
		C6B3411E2D5DFF48008F0A8F /* BarLineScatterCandleBubbleChartDataProvider.swift in Sources */ = {isa = PBXBuildFile; fileRef = C6B340DB2D5DFF48008F0A8F /* BarLineScatterCandleBubbleChartDataProvider.swift */; };
		C6B3411F2D5DFF48008F0A8F /* TriangleShapeRenderer.swift in Sources */ = {isa = PBXBuildFile; fileRef = C6B340F02D5DFF48008F0A8F /* TriangleShapeRenderer.swift */; };
		C6B341202D5DFF48008F0A8F /* Platform+Gestures.swift in Sources */ = {isa = PBXBuildFile; fileRef = C6B341102D5DFF48008F0A8F /* Platform+Gestures.swift */; };
		C6B341212D5DFF48008F0A8F /* Platform+Accessibility.swift in Sources */ = {isa = PBXBuildFile; fileRef = C6B3410E2D5DFF48008F0A8F /* Platform+Accessibility.swift */; };
		C6B341222D5DFF48008F0A8F /* HorizontalBarChartView.swift in Sources */ = {isa = PBXBuildFile; fileRef = C6B340852D5DFF48008F0A8F /* HorizontalBarChartView.swift */; };
		C6B341232D5DFF48008F0A8F /* Platform.swift in Sources */ = {isa = PBXBuildFile; fileRef = C6B3410D2D5DFF48008F0A8F /* Platform.swift */; };
		C6B341242D5DFF48008F0A8F /* ViewPortJob.swift in Sources */ = {isa = PBXBuildFile; fileRef = C6B340E72D5DFF48008F0A8F /* ViewPortJob.swift */; };
		C6B341252D5DFF48008F0A8F /* CombinedChartDataProvider.swift in Sources */ = {isa = PBXBuildFile; fileRef = C6B340DF2D5DFF48008F0A8F /* CombinedChartDataProvider.swift */; };
		C6B341262D5DFF48008F0A8F /* ValueFormatter.swift in Sources */ = {isa = PBXBuildFile; fileRef = C6B340CD2D5DFF48008F0A8F /* ValueFormatter.swift */; };
		C6B341272D5DFF48008F0A8F /* BarChartDataProvider.swift in Sources */ = {isa = PBXBuildFile; fileRef = C6B340DA2D5DFF48008F0A8F /* BarChartDataProvider.swift */; };
		C6B341282D5DFF48008F0A8F /* TransformerHorizontalBarChart.swift in Sources */ = {isa = PBXBuildFile; fileRef = C6B341152D5DFF48008F0A8F /* TransformerHorizontalBarChart.swift */; };
		C6B341292D5DFF48008F0A8F /* XAxisRendererHorizontalBarChart.swift in Sources */ = {isa = PBXBuildFile; fileRef = C6B341042D5DFF48008F0A8F /* XAxisRendererHorizontalBarChart.swift */; };
		C6B3412A2D5DFF48008F0A8F /* FillFormatter.swift in Sources */ = {isa = PBXBuildFile; fileRef = C6B340CB2D5DFF48008F0A8F /* FillFormatter.swift */; };
		C6B3412B2D5DFF48008F0A8F /* ChartDataSet.swift in Sources */ = {isa = PBXBuildFile; fileRef = C6B340A62D5DFF48008F0A8F /* ChartDataSet.swift */; };
		C6B3412C2D5DFF48008F0A8F /* PieRadarHighlighter.swift in Sources */ = {isa = PBXBuildFile; fileRef = C6B340D62D5DFF48008F0A8F /* PieRadarHighlighter.swift */; };
		C6B3412D2D5DFF48008F0A8F /* ScatterChartRenderer.swift in Sources */ = {isa = PBXBuildFile; fileRef = C6B341022D5DFF48008F0A8F /* ScatterChartRenderer.swift */; };
		C6B3412E2D5DFF48008F0A8F /* ViewPortHandler.swift in Sources */ = {isa = PBXBuildFile; fileRef = C6B341162D5DFF48008F0A8F /* ViewPortHandler.swift */; };
		C6B3412F2D5DFF48008F0A8F /* CrossShapeRenderer.swift in Sources */ = {isa = PBXBuildFile; fileRef = C6B340ED2D5DFF48008F0A8F /* CrossShapeRenderer.swift */; };
		C6B341302D5DFF48008F0A8F /* DataRenderer.swift in Sources */ = {isa = PBXBuildFile; fileRef = C6B340F92D5DFF48008F0A8F /* DataRenderer.swift */; };
		C6B341312D5DFF48008F0A8F /* LineChartDataProvider.swift in Sources */ = {isa = PBXBuildFile; fileRef = C6B340E02D5DFF48008F0A8F /* LineChartDataProvider.swift */; };
		C6B341322D5DFF48008F0A8F /* LineRadarChartDataSet.swift in Sources */ = {isa = PBXBuildFile; fileRef = C6B340AA2D5DFF48008F0A8F /* LineRadarChartDataSet.swift */; };
		C6B341332D5DFF48008F0A8F /* CandleChartDataEntry.swift in Sources */ = {isa = PBXBuildFile; fileRef = C6B340A12D5DFF48008F0A8F /* CandleChartDataEntry.swift */; };
		C6B341342D5DFF48008F0A8F /* PieChartDataSet.swift in Sources */ = {isa = PBXBuildFile; fileRef = C6B340AE2D5DFF48008F0A8F /* PieChartDataSet.swift */; };
		C6B341352D5DFF48008F0A8F /* Fill.swift in Sources */ = {isa = PBXBuildFile; fileRef = C6B3410C2D5DFF48008F0A8F /* Fill.swift */; };
		C6B341362D5DFF48008F0A8F /* MarkerImage.swift in Sources */ = {isa = PBXBuildFile; fileRef = C6B340932D5DFF48008F0A8F /* MarkerImage.swift */; };
		C6B341372D5DFF48008F0A8F /* AxisRenderer.swift in Sources */ = {isa = PBXBuildFile; fileRef = C6B340F32D5DFF48008F0A8F /* AxisRenderer.swift */; };
		C6B341382D5DFF48008F0A8F /* Description.swift in Sources */ = {isa = PBXBuildFile; fileRef = C6B3408F2D5DFF48008F0A8F /* Description.swift */; };
		C6B341392D5DFF48008F0A8F /* LegendEntry.swift in Sources */ = {isa = PBXBuildFile; fileRef = C6B340912D5DFF48008F0A8F /* LegendEntry.swift */; };
		C6B3413A2D5DFF48008F0A8F /* AnimatedZoomViewJob.swift in Sources */ = {isa = PBXBuildFile; fileRef = C6B340E52D5DFF48008F0A8F /* AnimatedZoomViewJob.swift */; };
		C6B3413B2D5DFF48008F0A8F /* CandleStickChartView.swift in Sources */ = {isa = PBXBuildFile; fileRef = C6B340822D5DFF48008F0A8F /* CandleStickChartView.swift */; };
		C6B3413C2D5DFF48008F0A8F /* RadarChartView.swift in Sources */ = {isa = PBXBuildFile; fileRef = C6B340892D5DFF48008F0A8F /* RadarChartView.swift */; };
		C6B3413D2D5DFF48008F0A8F /* BarLineScatterCandleBubbleChartData.swift in Sources */ = {isa = PBXBuildFile; fileRef = C6B3409B2D5DFF48008F0A8F /* BarLineScatterCandleBubbleChartData.swift */; };
		C6B3413E2D5DFF48008F0A8F /* YAxisRenderer.swift in Sources */ = {isa = PBXBuildFile; fileRef = C6B341062D5DFF48008F0A8F /* YAxisRenderer.swift */; };
		C6B3413F2D5DFF48008F0A8F /* ScatterChartView.swift in Sources */ = {isa = PBXBuildFile; fileRef = C6B3408A2D5DFF48008F0A8F /* ScatterChartView.swift */; };
		C6B341402D5DFF48008F0A8F /* LineScatterCandleRadarRenderer.swift in Sources */ = {isa = PBXBuildFile; fileRef = C6B340FE2D5DFF48008F0A8F /* LineScatterCandleRadarRenderer.swift */; };
		C6B341412D5DFF48008F0A8F /* BarLineChartViewBase.swift in Sources */ = {isa = PBXBuildFile; fileRef = C6B340802D5DFF48008F0A8F /* BarLineChartViewBase.swift */; };
		C6B341422D5DFF48008F0A8F /* SquareShapeRenderer.swift in Sources */ = {isa = PBXBuildFile; fileRef = C6B340EF2D5DFF48008F0A8F /* SquareShapeRenderer.swift */; };
		C6B341432D5DFF48008F0A8F /* ShapeRenderer.swift in Sources */ = {isa = PBXBuildFile; fileRef = C6B340EE2D5DFF48008F0A8F /* ShapeRenderer.swift */; };
		C6B341442D5DFF48008F0A8F /* HorizontalBarHighlighter.swift in Sources */ = {isa = PBXBuildFile; fileRef = C6B340D42D5DFF48008F0A8F /* HorizontalBarHighlighter.swift */; };
		C6B341452D5DFF48008F0A8F /* ChartViewBase.swift in Sources */ = {isa = PBXBuildFile; fileRef = C6B340832D5DFF48008F0A8F /* ChartViewBase.swift */; };
		C6B341462D5DFF48008F0A8F /* XAxisRendererRadarChart.swift in Sources */ = {isa = PBXBuildFile; fileRef = C6B341052D5DFF48008F0A8F /* XAxisRendererRadarChart.swift */; };
		C6B341472D5DFF48008F0A8F /* PieChartView.swift in Sources */ = {isa = PBXBuildFile; fileRef = C6B340872D5DFF48008F0A8F /* PieChartView.swift */; };
		C6B341482D5DFF48008F0A8F /* ChartDataProvider.swift in Sources */ = {isa = PBXBuildFile; fileRef = C6B340DE2D5DFF48008F0A8F /* ChartDataProvider.swift */; };
		C6B341492D5DFF48008F0A8F /* PieChartData.swift in Sources */ = {isa = PBXBuildFile; fileRef = C6B340AC2D5DFF48008F0A8F /* PieChartData.swift */; };
		C6B3414A2D5DFF48008F0A8F /* ComponentBase.swift in Sources */ = {isa = PBXBuildFile; fileRef = C6B3408E2D5DFF48008F0A8F /* ComponentBase.swift */; };
		C6B3414B2D5DFF48008F0A8F /* Sequence+KeyPath.swift in Sources */ = {isa = PBXBuildFile; fileRef = C6B341132D5DFF48008F0A8F /* Sequence+KeyPath.swift */; };
		C6B3414C2D5DFF48008F0A8F /* RadarChartRenderer.swift in Sources */ = {isa = PBXBuildFile; fileRef = C6B341002D5DFF48008F0A8F /* RadarChartRenderer.swift */; };
		C6B3414D2D5DFF48008F0A8F /* MarkerView.swift in Sources */ = {isa = PBXBuildFile; fileRef = C6B340942D5DFF48008F0A8F /* MarkerView.swift */; };
		C6B3414E2D5DFF48008F0A8F /* LineRadarRenderer.swift in Sources */ = {isa = PBXBuildFile; fileRef = C6B340FD2D5DFF48008F0A8F /* LineRadarRenderer.swift */; };
		C6B3414F2D5DFF48008F0A8F /* RadarHighlighter.swift in Sources */ = {isa = PBXBuildFile; fileRef = C6B340D72D5DFF48008F0A8F /* RadarHighlighter.swift */; };
		C6B341502D5DFF48008F0A8F /* PieChartDataEntry.swift in Sources */ = {isa = PBXBuildFile; fileRef = C6B340AD2D5DFF48008F0A8F /* PieChartDataEntry.swift */; };
		C6B341512D5DFF48008F0A8F /* BubbleChartData.swift in Sources */ = {isa = PBXBuildFile; fileRef = C6B3409D2D5DFF48008F0A8F /* BubbleChartData.swift */; };
		C6B341522D5DFF48008F0A8F /* ChartHighlighter.swift in Sources */ = {isa = PBXBuildFile; fileRef = C6B340D02D5DFF48008F0A8F /* ChartHighlighter.swift */; };
		C6B341532D5DFF48008F0A8F /* AnimatedViewPortJob.swift in Sources */ = {isa = PBXBuildFile; fileRef = C6B340E42D5DFF48008F0A8F /* AnimatedViewPortJob.swift */; };
		C6B341542D5DFF48008F0A8F /* XAxisRenderer.swift in Sources */ = {isa = PBXBuildFile; fileRef = C6B341032D5DFF48008F0A8F /* XAxisRenderer.swift */; };
		C6B341552D5DFF48008F0A8F /* XAxis.swift in Sources */ = {isa = PBXBuildFile; fileRef = C6B340952D5DFF48008F0A8F /* XAxis.swift */; };
		C6B341562D5DFF48008F0A8F /* DataApproximator.swift in Sources */ = {isa = PBXBuildFile; fileRef = C6B340C42D5DFF48008F0A8F /* DataApproximator.swift */; };
		C6B341572D5DFF48008F0A8F /* CandleChartDataSet.swift in Sources */ = {isa = PBXBuildFile; fileRef = C6B340A22D5DFF48008F0A8F /* CandleChartDataSet.swift */; };
		C6B341582D5DFF48008F0A8F /* BubbleChartRenderer.swift in Sources */ = {isa = PBXBuildFile; fileRef = C6B340F62D5DFF48008F0A8F /* BubbleChartRenderer.swift */; };
		C6B341592D5DFF48008F0A8F /* ChartDataEntry.swift in Sources */ = {isa = PBXBuildFile; fileRef = C6B340A42D5DFF48008F0A8F /* ChartDataEntry.swift */; };
		C6B3415A2D5DFF48008F0A8F /* ChartBaseDataSet.swift in Sources */ = {isa = PBXBuildFile; fileRef = C6B340B52D5DFF48008F0A8F /* ChartBaseDataSet.swift */; };
		C6B3415B2D5DFF48008F0A8F /* CombinedChartData.swift in Sources */ = {isa = PBXBuildFile; fileRef = C6B340A72D5DFF48008F0A8F /* CombinedChartData.swift */; };
		C6B3415C2D5DFF48008F0A8F /* PieChartRenderer.swift in Sources */ = {isa = PBXBuildFile; fileRef = C6B340FF2D5DFF48008F0A8F /* PieChartRenderer.swift */; };
		C6B3415D2D5DFF48008F0A8F /* ChartUtils.swift in Sources */ = {isa = PBXBuildFile; fileRef = C6B3410B2D5DFF48008F0A8F /* ChartUtils.swift */; };
		C6B3415E2D5DFF48008F0A8F /* DefaultFillFormatter.swift in Sources */ = {isa = PBXBuildFile; fileRef = C6B340C92D5DFF48008F0A8F /* DefaultFillFormatter.swift */; };
		C6B3415F2D5DFF48008F0A8F /* ChartData.swift in Sources */ = {isa = PBXBuildFile; fileRef = C6B340A32D5DFF48008F0A8F /* ChartData.swift */; };
		C6B341602D5DFF48008F0A8F /* BarChartDataSet.swift in Sources */ = {isa = PBXBuildFile; fileRef = C6B3409A2D5DFF48008F0A8F /* BarChartDataSet.swift */; };
		C6B341612D5DFF48008F0A8F /* DefaultValueFormatter.swift in Sources */ = {isa = PBXBuildFile; fileRef = C6B340CA2D5DFF48008F0A8F /* DefaultValueFormatter.swift */; };
		C6B341622D5DFF48008F0A8F /* ChartColorTemplates.swift in Sources */ = {isa = PBXBuildFile; fileRef = C6B3410A2D5DFF48008F0A8F /* ChartColorTemplates.swift */; };
		C6B341632D5DFF48008F0A8F /* YAxisRendererRadarChart.swift in Sources */ = {isa = PBXBuildFile; fileRef = C6B341082D5DFF48008F0A8F /* YAxisRendererRadarChart.swift */; };
		C6B341642D5DFF48008F0A8F /* ChartAnimationEasing.swift in Sources */ = {isa = PBXBuildFile; fileRef = C6B3407D2D5DFF48008F0A8F /* ChartAnimationEasing.swift */; };
		C6B341652D5DFF48008F0A8F /* PieHighlighter.swift in Sources */ = {isa = PBXBuildFile; fileRef = C6B340D52D5DFF48008F0A8F /* PieHighlighter.swift */; };
		C6B341662D5DFF48008F0A8F /* Animator.swift in Sources */ = {isa = PBXBuildFile; fileRef = C6B3407C2D5DFF48008F0A8F /* Animator.swift */; };
		C6B341672D5DFF48008F0A8F /* CandleStickChartRenderer.swift in Sources */ = {isa = PBXBuildFile; fileRef = C6B340F72D5DFF48008F0A8F /* CandleStickChartRenderer.swift */; };
		C6B341682D5DFF48008F0A8F /* YAxisRendererHorizontalBarChart.swift in Sources */ = {isa = PBXBuildFile; fileRef = C6B341072D5DFF48008F0A8F /* YAxisRendererHorizontalBarChart.swift */; };
		C6B341692D5DFF48008F0A8F /* BubbleChartDataProvider.swift in Sources */ = {isa = PBXBuildFile; fileRef = C6B340DC2D5DFF48008F0A8F /* BubbleChartDataProvider.swift */; };
		C6B3416A2D5DFF48008F0A8F /* ScatterChartDataSet.swift in Sources */ = {isa = PBXBuildFile; fileRef = C6B340B32D5DFF48008F0A8F /* ScatterChartDataSet.swift */; };
		C6B3416B2D5DFF48008F0A8F /* CandleChartData.swift in Sources */ = {isa = PBXBuildFile; fileRef = C6B340A02D5DFF48008F0A8F /* CandleChartData.swift */; };
		C6B3416C2D5DFF48008F0A8F /* CircleShapeRenderer.swift in Sources */ = {isa = PBXBuildFile; fileRef = C6B340EC2D5DFF48008F0A8F /* CircleShapeRenderer.swift */; };
		C6B3416D2D5DFF48008F0A8F /* XShapeRenderer.swift in Sources */ = {isa = PBXBuildFile; fileRef = C6B340F12D5DFF48008F0A8F /* XShapeRenderer.swift */; };
		C6B3416E2D5DFF48008F0A8F /* BarChartView.swift in Sources */ = {isa = PBXBuildFile; fileRef = C6B3407F2D5DFF48008F0A8F /* BarChartView.swift */; };
		C6B3416F2D5DFF48008F0A8F /* AxisValueFormatter.swift in Sources */ = {isa = PBXBuildFile; fileRef = C6B340C72D5DFF48008F0A8F /* AxisValueFormatter.swift */; };
		C6B341702D5DFF48008F0A8F /* Platform+Graphics.swift in Sources */ = {isa = PBXBuildFile; fileRef = C6B341112D5DFF48008F0A8F /* Platform+Graphics.swift */; };
		C6B341712D5DFF48008F0A8F /* Highlight.swift in Sources */ = {isa = PBXBuildFile; fileRef = C6B340D22D5DFF48008F0A8F /* Highlight.swift */; };
		C6B341722D5DFF48008F0A8F /* ChartDataEntryBase.swift in Sources */ = {isa = PBXBuildFile; fileRef = C6B340A52D5DFF48008F0A8F /* ChartDataEntryBase.swift */; };
		C6B341732D5DFF48008F0A8F /* LegendRenderer.swift in Sources */ = {isa = PBXBuildFile; fileRef = C6B340FB2D5DFF48008F0A8F /* LegendRenderer.swift */; };
		C6B341742D5DFF48008F0A8F /* ChartLimitLine.swift in Sources */ = {isa = PBXBuildFile; fileRef = C6B3408D2D5DFF48008F0A8F /* ChartLimitLine.swift */; };
		C6B341752D5DFF48008F0A8F /* BarChartDataSetProtocol.swift in Sources */ = {isa = PBXBuildFile; fileRef = C6B340B72D5DFF48008F0A8F /* BarChartDataSetProtocol.swift */; };
		C6B341762D5DFF48008F0A8F /* BubbleChartDataSetProtocol.swift in Sources */ = {isa = PBXBuildFile; fileRef = C6B340B92D5DFF48008F0A8F /* BubbleChartDataSetProtocol.swift */; };
		C6B341772D5DFF48008F0A8F /* RadarChartDataSetProtocol.swift in Sources */ = {isa = PBXBuildFile; fileRef = C6B340C02D5DFF48008F0A8F /* RadarChartDataSetProtocol.swift */; };
		C6B341782D5DFF48008F0A8F /* Highlighter.swift in Sources */ = {isa = PBXBuildFile; fileRef = C6B340D32D5DFF48008F0A8F /* Highlighter.swift */; };
		C6B341792D5DFF48008F0A8F /* BarHighlighter.swift in Sources */ = {isa = PBXBuildFile; fileRef = C6B340CF2D5DFF48008F0A8F /* BarHighlighter.swift */; };
		C6B3417A2D5DFF48008F0A8F /* AxisBase.swift in Sources */ = {isa = PBXBuildFile; fileRef = C6B3408C2D5DFF48008F0A8F /* AxisBase.swift */; };
		C6B3417B2D5DFF48008F0A8F /* LineScatterCandleRadarChartDataSetProtocol.swift in Sources */ = {isa = PBXBuildFile; fileRef = C6B340BE2D5DFF48008F0A8F /* LineScatterCandleRadarChartDataSetProtocol.swift */; };
		C6B3417C2D5DFF48008F0A8F /* ChartDataSetProtocol.swift in Sources */ = {isa = PBXBuildFile; fileRef = C6B340BB2D5DFF48008F0A8F /* ChartDataSetProtocol.swift */; };
		C6B3417D2D5DFF48008F0A8F /* RadarChartDataEntry.swift in Sources */ = {isa = PBXBuildFile; fileRef = C6B340B02D5DFF48008F0A8F /* RadarChartDataEntry.swift */; };
		C6B3417E2D5DFF48008F0A8F /* PieChartDataSetProtocol.swift in Sources */ = {isa = PBXBuildFile; fileRef = C6B340BF2D5DFF48008F0A8F /* PieChartDataSetProtocol.swift */; };
		C6B3417F2D5DFF48008F0A8F /* Renderer.swift in Sources */ = {isa = PBXBuildFile; fileRef = C6B341012D5DFF48008F0A8F /* Renderer.swift */; };
		C6B341802D5DFF48008F0A8F /* HorizontalBarChartRenderer.swift in Sources */ = {isa = PBXBuildFile; fileRef = C6B340FA2D5DFF48008F0A8F /* HorizontalBarChartRenderer.swift */; };
		C6B341812D5DFF48008F0A8F /* BubbleChartDataSet.swift in Sources */ = {isa = PBXBuildFile; fileRef = C6B3409F2D5DFF48008F0A8F /* BubbleChartDataSet.swift */; };
		C6B341822D5DFF48008F0A8F /* CandleChartDataSetProtocol.swift in Sources */ = {isa = PBXBuildFile; fileRef = C6B340BA2D5DFF48008F0A8F /* CandleChartDataSetProtocol.swift */; };
		C6B341832D5DFF48008F0A8F /* Range.swift in Sources */ = {isa = PBXBuildFile; fileRef = C6B340D82D5DFF48008F0A8F /* Range.swift */; };
		C6B341842D5DFF48008F0A8F /* ChevronDownShapeRenderer.swift in Sources */ = {isa = PBXBuildFile; fileRef = C6B340EA2D5DFF48008F0A8F /* ChevronDownShapeRenderer.swift */; };
		C6B341852D5DFF48008F0A8F /* BarChartRenderer.swift in Sources */ = {isa = PBXBuildFile; fileRef = C6B340F42D5DFF48008F0A8F /* BarChartRenderer.swift */; };
		C6B341862D5DFF48008F0A8F /* BarLineScatterCandleBubbleRenderer.swift in Sources */ = {isa = PBXBuildFile; fileRef = C6B340F52D5DFF48008F0A8F /* BarLineScatterCandleBubbleRenderer.swift */; };
		C6B341872D5DFF48008F0A8F /* BarChartDataEntry.swift in Sources */ = {isa = PBXBuildFile; fileRef = C6B340992D5DFF48008F0A8F /* BarChartDataEntry.swift */; };
		C6B341882D5DFF48008F0A8F /* LineChartData.swift in Sources */ = {isa = PBXBuildFile; fileRef = C6B340A82D5DFF48008F0A8F /* LineChartData.swift */; };
		C6B341892D5DFF48008F0A8F /* AnimatedMoveViewJob.swift in Sources */ = {isa = PBXBuildFile; fileRef = C6B340E32D5DFF48008F0A8F /* AnimatedMoveViewJob.swift */; };
		C6B3418A2D5DFF48008F0A8F /* BarLineScatterCandleBubbleChartDataSet.swift in Sources */ = {isa = PBXBuildFile; fileRef = C6B3409C2D5DFF48008F0A8F /* BarLineScatterCandleBubbleChartDataSet.swift */; };
		C6B3418B2D5DFF48008F0A8F /* LineRadarChartDataSetProtocol.swift in Sources */ = {isa = PBXBuildFile; fileRef = C6B340BD2D5DFF48008F0A8F /* LineRadarChartDataSetProtocol.swift */; };
		C6B3418C2D5DFF48008F0A8F /* CombinedChartView.swift in Sources */ = {isa = PBXBuildFile; fileRef = C6B340842D5DFF48008F0A8F /* CombinedChartView.swift */; };
		C6B3418D2D5DFF48008F0A8F /* BarChartData.swift in Sources */ = {isa = PBXBuildFile; fileRef = C6B340982D5DFF48008F0A8F /* BarChartData.swift */; };
		C6B3418E2D5DFF48008F0A8F /* ScatterChartDataProvider.swift in Sources */ = {isa = PBXBuildFile; fileRef = C6B340E12D5DFF48008F0A8F /* ScatterChartDataProvider.swift */; };
		C6B3418F2D5DFF48008F0A8F /* RadarChartDataSet.swift in Sources */ = {isa = PBXBuildFile; fileRef = C6B340B12D5DFF48008F0A8F /* RadarChartDataSet.swift */; };
		C6B341902D5DFF48008F0A8F /* MoveViewJob.swift in Sources */ = {isa = PBXBuildFile; fileRef = C6B340E62D5DFF48008F0A8F /* MoveViewJob.swift */; };
		C6B341912D5DFF48008F0A8F /* LineChartView.swift in Sources */ = {isa = PBXBuildFile; fileRef = C6B340862D5DFF48008F0A8F /* LineChartView.swift */; };
		C6B341922D5DFF48008F0A8F /* IndexAxisValueFormatter.swift in Sources */ = {isa = PBXBuildFile; fileRef = C6B340CC2D5DFF48008F0A8F /* IndexAxisValueFormatter.swift */; };
		C6B341932D5DFF48008F0A8F /* CombinedHighlighter.swift in Sources */ = {isa = PBXBuildFile; fileRef = C6B340D12D5DFF48008F0A8F /* CombinedHighlighter.swift */; };
		C6B341942D5DFF48008F0A8F /* BubbleChartView.swift in Sources */ = {isa = PBXBuildFile; fileRef = C6B340812D5DFF48008F0A8F /* BubbleChartView.swift */; };
		C6B341952D5DFF48008F0A8F /* LineScatterCandleRadarChartDataSet.swift in Sources */ = {isa = PBXBuildFile; fileRef = C6B340AB2D5DFF48008F0A8F /* LineScatterCandleRadarChartDataSet.swift */; };
		C6B341962D5DFF48008F0A8F /* Platform+Color.swift in Sources */ = {isa = PBXBuildFile; fileRef = C6B3410F2D5DFF48008F0A8F /* Platform+Color.swift */; };
		C6B341972D5DFF48008F0A8F /* YAxis.swift in Sources */ = {isa = PBXBuildFile; fileRef = C6B340962D5DFF48008F0A8F /* YAxis.swift */; };
		C6B341982D5DFF48008F0A8F /* DefaultAxisValueFormatter.swift in Sources */ = {isa = PBXBuildFile; fileRef = C6B340C82D5DFF48008F0A8F /* DefaultAxisValueFormatter.swift */; };
		C6B341992D5DFF48008F0A8F /* PieRadarChartViewBase.swift in Sources */ = {isa = PBXBuildFile; fileRef = C6B340882D5DFF48008F0A8F /* PieRadarChartViewBase.swift */; };
		C6B3419A2D5DFF48008F0A8F /* LineChartRenderer.swift in Sources */ = {isa = PBXBuildFile; fileRef = C6B340FC2D5DFF48008F0A8F /* LineChartRenderer.swift */; };
		C6B3419B2D5DFF48008F0A8F /* DataApproximator+N.swift in Sources */ = {isa = PBXBuildFile; fileRef = C6B340C52D5DFF48008F0A8F /* DataApproximator+N.swift */; };
		C6B3419C2D5DFF48008F0A8F /* Legend.swift in Sources */ = {isa = PBXBuildFile; fileRef = C6B340902D5DFF48008F0A8F /* Legend.swift */; };
		C6B3419D2D5DFF48008F0A8F /* RadarChartData.swift in Sources */ = {isa = PBXBuildFile; fileRef = C6B340AF2D5DFF48008F0A8F /* RadarChartData.swift */; };
		C6B3419E2D5DFF48008F0A8F /* LineChartDataSetProtocol.swift in Sources */ = {isa = PBXBuildFile; fileRef = C6B340BC2D5DFF48008F0A8F /* LineChartDataSetProtocol.swift */; };
		C6B3419F2D5DFF48008F0A8F /* CombinedChartRenderer.swift in Sources */ = {isa = PBXBuildFile; fileRef = C6B340F82D5DFF48008F0A8F /* CombinedChartRenderer.swift */; };
		C6B341A02D5DFF48008F0A8F /* BubbleChartDataEntry.swift in Sources */ = {isa = PBXBuildFile; fileRef = C6B3409E2D5DFF48008F0A8F /* BubbleChartDataEntry.swift */; };
		C6B341A12D5DFF48008F0A8F /* LineChartDataSet.swift in Sources */ = {isa = PBXBuildFile; fileRef = C6B340A92D5DFF48008F0A8F /* LineChartDataSet.swift */; };
		C6B341A22D5DFF48008F0A8F /* ScatterChartDataSetProtocol.swift in Sources */ = {isa = PBXBuildFile; fileRef = C6B340C12D5DFF48008F0A8F /* ScatterChartDataSetProtocol.swift */; };
		C6B341A32D5DFF48008F0A8F /* Platform+Touch Handling.swift in Sources */ = {isa = PBXBuildFile; fileRef = C6B341122D5DFF48008F0A8F /* Platform+Touch Handling.swift */; };
		C6B341A42D5DFF48008F0A8F /* ScatterChartData.swift in Sources */ = {isa = PBXBuildFile; fileRef = C6B340B22D5DFF48008F0A8F /* ScatterChartData.swift */; };
		C6B341A52D5DFF48008F0A8F /* ZoomViewJob.swift in Sources */ = {isa = PBXBuildFile; fileRef = C6B340E82D5DFF48008F0A8F /* ZoomViewJob.swift */; };
		C7B150D740255670DEB9F455 /* Charts.framework in Frameworks */ = {isa = PBXBuildFile; fileRef = 65AD9E95D9ED4DC0BD73A743 /* Charts.framework */; };
/* End PBXBuildFile section */

/* Begin PBXContainerItemProxy section */
		C2005F425A98942473657ED2 /* PBXContainerItemProxy */ = {
			isa = PBXContainerItemProxy;
			containerPortal = 193FC8DF32D250560C5F5D77 /* Project object */;
			proxyType = 1;
			remoteGlobalIDString = A58A4ED274A941CA248EA921;
			remoteInfo = Charts;
		};
/* End PBXContainerItemProxy section */

/* Begin PBXFileReference section */
		064989451F5C99C7006E8BB3 /* Utilities.swift */ = {isa = PBXFileReference; lastKnownFileType = sourcecode.swift; path = Utilities.swift; sourceTree = "<group>"; };
		135F11CD20425AF600D655A3 /* PieChartTests.swift */ = {isa = PBXFileReference; lastKnownFileType = sourcecode.swift; path = PieChartTests.swift; sourceTree = "<group>"; };
		1CBBC58C6CE1EBEE9852CE41 /* ChartsTests.xctest */ = {isa = PBXFileReference; explicitFileType = wrapper.cfbundle; includeInIndex = 0; path = ChartsTests.xctest; sourceTree = BUILT_PRODUCTS_DIR; };
		2243BBFB1FF156D000B49D0B /* EquatableTests.swift */ = {isa = PBXFileReference; fileEncoding = 4; lastKnownFileType = sourcecode.swift; path = EquatableTests.swift; sourceTree = "<group>"; };
		22786E8325CD96620051335B /* Media.xcassets */ = {isa = PBXFileReference; lastKnownFileType = folder.assetcatalog; path = Media.xcassets; sourceTree = "<group>"; };
		22786E8425CD96620051335B /* Info.plist */ = {isa = PBXFileReference; fileEncoding = 4; lastKnownFileType = text.plist.xml; path = Info.plist; sourceTree = "<group>"; };
		4F9922F0641F7955DC6CD324 /* Charts.h */ = {isa = PBXFileReference; includeInIndex = 1; lastKnownFileType = sourcecode.c.h; name = Charts.h; path = "Source/Supporting Files/Charts.h"; sourceTree = "<group>"; };
		5C3F5E1A69EC06E86505F7B1 /* BarChartTests.swift */ = {isa = PBXFileReference; includeInIndex = 1; lastKnownFileType = sourcecode.swift; path = BarChartTests.swift; sourceTree = "<group>"; };
		65AD9E95D9ED4DC0BD73A743 /* Charts.framework */ = {isa = PBXFileReference; explicitFileType = wrapper.framework; includeInIndex = 0; path = Charts.framework; sourceTree = BUILT_PRODUCTS_DIR; };
		7AB9062A28AAB9469752A954 /* ChartUtilsTests.swift */ = {isa = PBXFileReference; includeInIndex = 1; lastKnownFileType = sourcecode.swift; path = ChartUtilsTests.swift; sourceTree = "<group>"; };
		910DBFE1DA1B2CA237A736DF /* Info.plist */ = {isa = PBXFileReference; includeInIndex = 1; lastKnownFileType = text.plist.xml; name = Info.plist; path = "Source/Supporting Files/Info.plist"; sourceTree = "<group>"; };
		B66817452241E3CC00017CF1 /* HorizontalBarChartTests.swift */ = {isa = PBXFileReference; lastKnownFileType = sourcecode.swift; path = HorizontalBarChartTests.swift; sourceTree = "<group>"; };
		B6BF9A551F91993A00E62A5D /* CombinedChartTests.swift */ = {isa = PBXFileReference; lastKnownFileType = sourcecode.swift; path = CombinedChartTests.swift; sourceTree = "<group>"; };
		C03E6D8023DAAB2600083010 /* ChartDataTests.swift */ = {isa = PBXFileReference; lastKnownFileType = sourcecode.swift; path = ChartDataTests.swift; sourceTree = "<group>"; };
		C6B3407C2D5DFF48008F0A8F /* Animator.swift */ = {isa = PBXFileReference; lastKnownFileType = sourcecode.swift; path = Animator.swift; sourceTree = "<group>"; };
		C6B3407D2D5DFF48008F0A8F /* ChartAnimationEasing.swift */ = {isa = PBXFileReference; lastKnownFileType = sourcecode.swift; path = ChartAnimationEasing.swift; sourceTree = "<group>"; };
		C6B3407F2D5DFF48008F0A8F /* BarChartView.swift */ = {isa = PBXFileReference; lastKnownFileType = sourcecode.swift; path = BarChartView.swift; sourceTree = "<group>"; };
		C6B340802D5DFF48008F0A8F /* BarLineChartViewBase.swift */ = {isa = PBXFileReference; lastKnownFileType = sourcecode.swift; path = BarLineChartViewBase.swift; sourceTree = "<group>"; };
		C6B340812D5DFF48008F0A8F /* BubbleChartView.swift */ = {isa = PBXFileReference; lastKnownFileType = sourcecode.swift; path = BubbleChartView.swift; sourceTree = "<group>"; };
		C6B340822D5DFF48008F0A8F /* CandleStickChartView.swift */ = {isa = PBXFileReference; lastKnownFileType = sourcecode.swift; path = CandleStickChartView.swift; sourceTree = "<group>"; };
		C6B340832D5DFF48008F0A8F /* ChartViewBase.swift */ = {isa = PBXFileReference; lastKnownFileType = sourcecode.swift; path = ChartViewBase.swift; sourceTree = "<group>"; };
		C6B340842D5DFF48008F0A8F /* CombinedChartView.swift */ = {isa = PBXFileReference; lastKnownFileType = sourcecode.swift; path = CombinedChartView.swift; sourceTree = "<group>"; };
		C6B340852D5DFF48008F0A8F /* HorizontalBarChartView.swift */ = {isa = PBXFileReference; lastKnownFileType = sourcecode.swift; path = HorizontalBarChartView.swift; sourceTree = "<group>"; };
		C6B340862D5DFF48008F0A8F /* LineChartView.swift */ = {isa = PBXFileReference; lastKnownFileType = sourcecode.swift; path = LineChartView.swift; sourceTree = "<group>"; };
		C6B340872D5DFF48008F0A8F /* PieChartView.swift */ = {isa = PBXFileReference; lastKnownFileType = sourcecode.swift; path = PieChartView.swift; sourceTree = "<group>"; };
		C6B340882D5DFF48008F0A8F /* PieRadarChartViewBase.swift */ = {isa = PBXFileReference; lastKnownFileType = sourcecode.swift; path = PieRadarChartViewBase.swift; sourceTree = "<group>"; };
		C6B340892D5DFF48008F0A8F /* RadarChartView.swift */ = {isa = PBXFileReference; lastKnownFileType = sourcecode.swift; path = RadarChartView.swift; sourceTree = "<group>"; };
		C6B3408A2D5DFF48008F0A8F /* ScatterChartView.swift */ = {isa = PBXFileReference; lastKnownFileType = sourcecode.swift; path = ScatterChartView.swift; sourceTree = "<group>"; };
		C6B3408C2D5DFF48008F0A8F /* AxisBase.swift */ = {isa = PBXFileReference; lastKnownFileType = sourcecode.swift; path = AxisBase.swift; sourceTree = "<group>"; };
		C6B3408D2D5DFF48008F0A8F /* ChartLimitLine.swift */ = {isa = PBXFileReference; lastKnownFileType = sourcecode.swift; path = ChartLimitLine.swift; sourceTree = "<group>"; };
		C6B3408E2D5DFF48008F0A8F /* ComponentBase.swift */ = {isa = PBXFileReference; lastKnownFileType = sourcecode.swift; path = ComponentBase.swift; sourceTree = "<group>"; };
		C6B3408F2D5DFF48008F0A8F /* Description.swift */ = {isa = PBXFileReference; lastKnownFileType = sourcecode.swift; path = Description.swift; sourceTree = "<group>"; };
		C6B340902D5DFF48008F0A8F /* Legend.swift */ = {isa = PBXFileReference; lastKnownFileType = sourcecode.swift; path = Legend.swift; sourceTree = "<group>"; };
		C6B340912D5DFF48008F0A8F /* LegendEntry.swift */ = {isa = PBXFileReference; lastKnownFileType = sourcecode.swift; path = LegendEntry.swift; sourceTree = "<group>"; };
		C6B340922D5DFF48008F0A8F /* Marker.swift */ = {isa = PBXFileReference; lastKnownFileType = sourcecode.swift; path = Marker.swift; sourceTree = "<group>"; };
		C6B340932D5DFF48008F0A8F /* MarkerImage.swift */ = {isa = PBXFileReference; lastKnownFileType = sourcecode.swift; path = MarkerImage.swift; sourceTree = "<group>"; };
		C6B340942D5DFF48008F0A8F /* MarkerView.swift */ = {isa = PBXFileReference; lastKnownFileType = sourcecode.swift; path = MarkerView.swift; sourceTree = "<group>"; };
		C6B340952D5DFF48008F0A8F /* XAxis.swift */ = {isa = PBXFileReference; lastKnownFileType = sourcecode.swift; path = XAxis.swift; sourceTree = "<group>"; };
		C6B340962D5DFF48008F0A8F /* YAxis.swift */ = {isa = PBXFileReference; lastKnownFileType = sourcecode.swift; path = YAxis.swift; sourceTree = "<group>"; };
		C6B340982D5DFF48008F0A8F /* BarChartData.swift */ = {isa = PBXFileReference; lastKnownFileType = sourcecode.swift; path = BarChartData.swift; sourceTree = "<group>"; };
		C6B340992D5DFF48008F0A8F /* BarChartDataEntry.swift */ = {isa = PBXFileReference; lastKnownFileType = sourcecode.swift; path = BarChartDataEntry.swift; sourceTree = "<group>"; };
		C6B3409A2D5DFF48008F0A8F /* BarChartDataSet.swift */ = {isa = PBXFileReference; lastKnownFileType = sourcecode.swift; path = BarChartDataSet.swift; sourceTree = "<group>"; };
		C6B3409B2D5DFF48008F0A8F /* BarLineScatterCandleBubbleChartData.swift */ = {isa = PBXFileReference; lastKnownFileType = sourcecode.swift; path = BarLineScatterCandleBubbleChartData.swift; sourceTree = "<group>"; };
		C6B3409C2D5DFF48008F0A8F /* BarLineScatterCandleBubbleChartDataSet.swift */ = {isa = PBXFileReference; lastKnownFileType = sourcecode.swift; path = BarLineScatterCandleBubbleChartDataSet.swift; sourceTree = "<group>"; };
		C6B3409D2D5DFF48008F0A8F /* BubbleChartData.swift */ = {isa = PBXFileReference; lastKnownFileType = sourcecode.swift; path = BubbleChartData.swift; sourceTree = "<group>"; };
		C6B3409E2D5DFF48008F0A8F /* BubbleChartDataEntry.swift */ = {isa = PBXFileReference; lastKnownFileType = sourcecode.swift; path = BubbleChartDataEntry.swift; sourceTree = "<group>"; };
		C6B3409F2D5DFF48008F0A8F /* BubbleChartDataSet.swift */ = {isa = PBXFileReference; lastKnownFileType = sourcecode.swift; path = BubbleChartDataSet.swift; sourceTree = "<group>"; };
		C6B340A02D5DFF48008F0A8F /* CandleChartData.swift */ = {isa = PBXFileReference; lastKnownFileType = sourcecode.swift; path = CandleChartData.swift; sourceTree = "<group>"; };
		C6B340A12D5DFF48008F0A8F /* CandleChartDataEntry.swift */ = {isa = PBXFileReference; lastKnownFileType = sourcecode.swift; path = CandleChartDataEntry.swift; sourceTree = "<group>"; };
		C6B340A22D5DFF48008F0A8F /* CandleChartDataSet.swift */ = {isa = PBXFileReference; lastKnownFileType = sourcecode.swift; path = CandleChartDataSet.swift; sourceTree = "<group>"; };
		C6B340A32D5DFF48008F0A8F /* ChartData.swift */ = {isa = PBXFileReference; lastKnownFileType = sourcecode.swift; path = ChartData.swift; sourceTree = "<group>"; };
		C6B340A42D5DFF48008F0A8F /* ChartDataEntry.swift */ = {isa = PBXFileReference; lastKnownFileType = sourcecode.swift; path = ChartDataEntry.swift; sourceTree = "<group>"; };
		C6B340A52D5DFF48008F0A8F /* ChartDataEntryBase.swift */ = {isa = PBXFileReference; lastKnownFileType = sourcecode.swift; path = ChartDataEntryBase.swift; sourceTree = "<group>"; };
		C6B340A62D5DFF48008F0A8F /* ChartDataSet.swift */ = {isa = PBXFileReference; lastKnownFileType = sourcecode.swift; path = ChartDataSet.swift; sourceTree = "<group>"; };
		C6B340A72D5DFF48008F0A8F /* CombinedChartData.swift */ = {isa = PBXFileReference; lastKnownFileType = sourcecode.swift; path = CombinedChartData.swift; sourceTree = "<group>"; };
		C6B340A82D5DFF48008F0A8F /* LineChartData.swift */ = {isa = PBXFileReference; lastKnownFileType = sourcecode.swift; path = LineChartData.swift; sourceTree = "<group>"; };
		C6B340A92D5DFF48008F0A8F /* LineChartDataSet.swift */ = {isa = PBXFileReference; lastKnownFileType = sourcecode.swift; path = LineChartDataSet.swift; sourceTree = "<group>"; };
		C6B340AA2D5DFF48008F0A8F /* LineRadarChartDataSet.swift */ = {isa = PBXFileReference; lastKnownFileType = sourcecode.swift; path = LineRadarChartDataSet.swift; sourceTree = "<group>"; };
		C6B340AB2D5DFF48008F0A8F /* LineScatterCandleRadarChartDataSet.swift */ = {isa = PBXFileReference; lastKnownFileType = sourcecode.swift; path = LineScatterCandleRadarChartDataSet.swift; sourceTree = "<group>"; };
		C6B340AC2D5DFF48008F0A8F /* PieChartData.swift */ = {isa = PBXFileReference; lastKnownFileType = sourcecode.swift; path = PieChartData.swift; sourceTree = "<group>"; };
		C6B340AD2D5DFF48008F0A8F /* PieChartDataEntry.swift */ = {isa = PBXFileReference; lastKnownFileType = sourcecode.swift; path = PieChartDataEntry.swift; sourceTree = "<group>"; };
		C6B340AE2D5DFF48008F0A8F /* PieChartDataSet.swift */ = {isa = PBXFileReference; lastKnownFileType = sourcecode.swift; path = PieChartDataSet.swift; sourceTree = "<group>"; };
		C6B340AF2D5DFF48008F0A8F /* RadarChartData.swift */ = {isa = PBXFileReference; lastKnownFileType = sourcecode.swift; path = RadarChartData.swift; sourceTree = "<group>"; };
		C6B340B02D5DFF48008F0A8F /* RadarChartDataEntry.swift */ = {isa = PBXFileReference; lastKnownFileType = sourcecode.swift; path = RadarChartDataEntry.swift; sourceTree = "<group>"; };
		C6B340B12D5DFF48008F0A8F /* RadarChartDataSet.swift */ = {isa = PBXFileReference; lastKnownFileType = sourcecode.swift; path = RadarChartDataSet.swift; sourceTree = "<group>"; };
		C6B340B22D5DFF48008F0A8F /* ScatterChartData.swift */ = {isa = PBXFileReference; lastKnownFileType = sourcecode.swift; path = ScatterChartData.swift; sourceTree = "<group>"; };
		C6B340B32D5DFF48008F0A8F /* ScatterChartDataSet.swift */ = {isa = PBXFileReference; lastKnownFileType = sourcecode.swift; path = ScatterChartDataSet.swift; sourceTree = "<group>"; };
		C6B340B52D5DFF48008F0A8F /* ChartBaseDataSet.swift */ = {isa = PBXFileReference; lastKnownFileType = sourcecode.swift; path = ChartBaseDataSet.swift; sourceTree = "<group>"; };
		C6B340B72D5DFF48008F0A8F /* BarChartDataSetProtocol.swift */ = {isa = PBXFileReference; lastKnownFileType = sourcecode.swift; path = BarChartDataSetProtocol.swift; sourceTree = "<group>"; };
		C6B340B82D5DFF48008F0A8F /* BarLineScatterCandleBubbleChartDataSetProtocol.swift */ = {isa = PBXFileReference; lastKnownFileType = sourcecode.swift; path = BarLineScatterCandleBubbleChartDataSetProtocol.swift; sourceTree = "<group>"; };
		C6B340B92D5DFF48008F0A8F /* BubbleChartDataSetProtocol.swift */ = {isa = PBXFileReference; lastKnownFileType = sourcecode.swift; path = BubbleChartDataSetProtocol.swift; sourceTree = "<group>"; };
		C6B340BA2D5DFF48008F0A8F /* CandleChartDataSetProtocol.swift */ = {isa = PBXFileReference; lastKnownFileType = sourcecode.swift; path = CandleChartDataSetProtocol.swift; sourceTree = "<group>"; };
		C6B340BB2D5DFF48008F0A8F /* ChartDataSetProtocol.swift */ = {isa = PBXFileReference; lastKnownFileType = sourcecode.swift; path = ChartDataSetProtocol.swift; sourceTree = "<group>"; };
		C6B340BC2D5DFF48008F0A8F /* LineChartDataSetProtocol.swift */ = {isa = PBXFileReference; lastKnownFileType = sourcecode.swift; path = LineChartDataSetProtocol.swift; sourceTree = "<group>"; };
		C6B340BD2D5DFF48008F0A8F /* LineRadarChartDataSetProtocol.swift */ = {isa = PBXFileReference; lastKnownFileType = sourcecode.swift; path = LineRadarChartDataSetProtocol.swift; sourceTree = "<group>"; };
		C6B340BE2D5DFF48008F0A8F /* LineScatterCandleRadarChartDataSetProtocol.swift */ = {isa = PBXFileReference; lastKnownFileType = sourcecode.swift; path = LineScatterCandleRadarChartDataSetProtocol.swift; sourceTree = "<group>"; };
		C6B340BF2D5DFF48008F0A8F /* PieChartDataSetProtocol.swift */ = {isa = PBXFileReference; lastKnownFileType = sourcecode.swift; path = PieChartDataSetProtocol.swift; sourceTree = "<group>"; };
		C6B340C02D5DFF48008F0A8F /* RadarChartDataSetProtocol.swift */ = {isa = PBXFileReference; lastKnownFileType = sourcecode.swift; path = RadarChartDataSetProtocol.swift; sourceTree = "<group>"; };
		C6B340C12D5DFF48008F0A8F /* ScatterChartDataSetProtocol.swift */ = {isa = PBXFileReference; lastKnownFileType = sourcecode.swift; path = ScatterChartDataSetProtocol.swift; sourceTree = "<group>"; };
		C6B340C42D5DFF48008F0A8F /* DataApproximator.swift */ = {isa = PBXFileReference; lastKnownFileType = sourcecode.swift; path = DataApproximator.swift; sourceTree = "<group>"; };
		C6B340C52D5DFF48008F0A8F /* DataApproximator+N.swift */ = {isa = PBXFileReference; lastKnownFileType = sourcecode.swift; path = "DataApproximator+N.swift"; sourceTree = "<group>"; };
		C6B340C72D5DFF48008F0A8F /* AxisValueFormatter.swift */ = {isa = PBXFileReference; lastKnownFileType = sourcecode.swift; path = AxisValueFormatter.swift; sourceTree = "<group>"; };
		C6B340C82D5DFF48008F0A8F /* DefaultAxisValueFormatter.swift */ = {isa = PBXFileReference; lastKnownFileType = sourcecode.swift; path = DefaultAxisValueFormatter.swift; sourceTree = "<group>"; };
		C6B340C92D5DFF48008F0A8F /* DefaultFillFormatter.swift */ = {isa = PBXFileReference; lastKnownFileType = sourcecode.swift; path = DefaultFillFormatter.swift; sourceTree = "<group>"; };
		C6B340CA2D5DFF48008F0A8F /* DefaultValueFormatter.swift */ = {isa = PBXFileReference; lastKnownFileType = sourcecode.swift; path = DefaultValueFormatter.swift; sourceTree = "<group>"; };
		C6B340CB2D5DFF48008F0A8F /* FillFormatter.swift */ = {isa = PBXFileReference; lastKnownFileType = sourcecode.swift; path = FillFormatter.swift; sourceTree = "<group>"; };
		C6B340CC2D5DFF48008F0A8F /* IndexAxisValueFormatter.swift */ = {isa = PBXFileReference; lastKnownFileType = sourcecode.swift; path = IndexAxisValueFormatter.swift; sourceTree = "<group>"; };
		C6B340CD2D5DFF48008F0A8F /* ValueFormatter.swift */ = {isa = PBXFileReference; lastKnownFileType = sourcecode.swift; path = ValueFormatter.swift; sourceTree = "<group>"; };
		C6B340CF2D5DFF48008F0A8F /* BarHighlighter.swift */ = {isa = PBXFileReference; lastKnownFileType = sourcecode.swift; path = BarHighlighter.swift; sourceTree = "<group>"; };
		C6B340D02D5DFF48008F0A8F /* ChartHighlighter.swift */ = {isa = PBXFileReference; lastKnownFileType = sourcecode.swift; path = ChartHighlighter.swift; sourceTree = "<group>"; };
		C6B340D12D5DFF48008F0A8F /* CombinedHighlighter.swift */ = {isa = PBXFileReference; lastKnownFileType = sourcecode.swift; path = CombinedHighlighter.swift; sourceTree = "<group>"; };
		C6B340D22D5DFF48008F0A8F /* Highlight.swift */ = {isa = PBXFileReference; lastKnownFileType = sourcecode.swift; path = Highlight.swift; sourceTree = "<group>"; };
		C6B340D32D5DFF48008F0A8F /* Highlighter.swift */ = {isa = PBXFileReference; lastKnownFileType = sourcecode.swift; path = Highlighter.swift; sourceTree = "<group>"; };
		C6B340D42D5DFF48008F0A8F /* HorizontalBarHighlighter.swift */ = {isa = PBXFileReference; lastKnownFileType = sourcecode.swift; path = HorizontalBarHighlighter.swift; sourceTree = "<group>"; };
		C6B340D52D5DFF48008F0A8F /* PieHighlighter.swift */ = {isa = PBXFileReference; lastKnownFileType = sourcecode.swift; path = PieHighlighter.swift; sourceTree = "<group>"; };
		C6B340D62D5DFF48008F0A8F /* PieRadarHighlighter.swift */ = {isa = PBXFileReference; lastKnownFileType = sourcecode.swift; path = PieRadarHighlighter.swift; sourceTree = "<group>"; };
		C6B340D72D5DFF48008F0A8F /* RadarHighlighter.swift */ = {isa = PBXFileReference; lastKnownFileType = sourcecode.swift; path = RadarHighlighter.swift; sourceTree = "<group>"; };
		C6B340D82D5DFF48008F0A8F /* Range.swift */ = {isa = PBXFileReference; lastKnownFileType = sourcecode.swift; path = Range.swift; sourceTree = "<group>"; };
		C6B340DA2D5DFF48008F0A8F /* BarChartDataProvider.swift */ = {isa = PBXFileReference; lastKnownFileType = sourcecode.swift; path = BarChartDataProvider.swift; sourceTree = "<group>"; };
		C6B340DB2D5DFF48008F0A8F /* BarLineScatterCandleBubbleChartDataProvider.swift */ = {isa = PBXFileReference; lastKnownFileType = sourcecode.swift; path = BarLineScatterCandleBubbleChartDataProvider.swift; sourceTree = "<group>"; };
		C6B340DC2D5DFF48008F0A8F /* BubbleChartDataProvider.swift */ = {isa = PBXFileReference; lastKnownFileType = sourcecode.swift; path = BubbleChartDataProvider.swift; sourceTree = "<group>"; };
		C6B340DD2D5DFF48008F0A8F /* CandleChartDataProvider.swift */ = {isa = PBXFileReference; lastKnownFileType = sourcecode.swift; path = CandleChartDataProvider.swift; sourceTree = "<group>"; };
		C6B340DE2D5DFF48008F0A8F /* ChartDataProvider.swift */ = {isa = PBXFileReference; lastKnownFileType = sourcecode.swift; path = ChartDataProvider.swift; sourceTree = "<group>"; };
		C6B340DF2D5DFF48008F0A8F /* CombinedChartDataProvider.swift */ = {isa = PBXFileReference; lastKnownFileType = sourcecode.swift; path = CombinedChartDataProvider.swift; sourceTree = "<group>"; };
		C6B340E02D5DFF48008F0A8F /* LineChartDataProvider.swift */ = {isa = PBXFileReference; lastKnownFileType = sourcecode.swift; path = LineChartDataProvider.swift; sourceTree = "<group>"; };
		C6B340E12D5DFF48008F0A8F /* ScatterChartDataProvider.swift */ = {isa = PBXFileReference; lastKnownFileType = sourcecode.swift; path = ScatterChartDataProvider.swift; sourceTree = "<group>"; };
		C6B340E32D5DFF48008F0A8F /* AnimatedMoveViewJob.swift */ = {isa = PBXFileReference; lastKnownFileType = sourcecode.swift; path = AnimatedMoveViewJob.swift; sourceTree = "<group>"; };
		C6B340E42D5DFF48008F0A8F /* AnimatedViewPortJob.swift */ = {isa = PBXFileReference; lastKnownFileType = sourcecode.swift; path = AnimatedViewPortJob.swift; sourceTree = "<group>"; };
		C6B340E52D5DFF48008F0A8F /* AnimatedZoomViewJob.swift */ = {isa = PBXFileReference; lastKnownFileType = sourcecode.swift; path = AnimatedZoomViewJob.swift; sourceTree = "<group>"; };
		C6B340E62D5DFF48008F0A8F /* MoveViewJob.swift */ = {isa = PBXFileReference; lastKnownFileType = sourcecode.swift; path = MoveViewJob.swift; sourceTree = "<group>"; };
		C6B340E72D5DFF48008F0A8F /* ViewPortJob.swift */ = {isa = PBXFileReference; lastKnownFileType = sourcecode.swift; path = ViewPortJob.swift; sourceTree = "<group>"; };
		C6B340E82D5DFF48008F0A8F /* ZoomViewJob.swift */ = {isa = PBXFileReference; lastKnownFileType = sourcecode.swift; path = ZoomViewJob.swift; sourceTree = "<group>"; };
		C6B340EA2D5DFF48008F0A8F /* ChevronDownShapeRenderer.swift */ = {isa = PBXFileReference; lastKnownFileType = sourcecode.swift; path = ChevronDownShapeRenderer.swift; sourceTree = "<group>"; };
		C6B340EB2D5DFF48008F0A8F /* ChevronUpShapeRenderer.swift */ = {isa = PBXFileReference; lastKnownFileType = sourcecode.swift; path = ChevronUpShapeRenderer.swift; sourceTree = "<group>"; };
		C6B340EC2D5DFF48008F0A8F /* CircleShapeRenderer.swift */ = {isa = PBXFileReference; lastKnownFileType = sourcecode.swift; path = CircleShapeRenderer.swift; sourceTree = "<group>"; };
		C6B340ED2D5DFF48008F0A8F /* CrossShapeRenderer.swift */ = {isa = PBXFileReference; lastKnownFileType = sourcecode.swift; path = CrossShapeRenderer.swift; sourceTree = "<group>"; };
		C6B340EE2D5DFF48008F0A8F /* ShapeRenderer.swift */ = {isa = PBXFileReference; lastKnownFileType = sourcecode.swift; path = ShapeRenderer.swift; sourceTree = "<group>"; };
		C6B340EF2D5DFF48008F0A8F /* SquareShapeRenderer.swift */ = {isa = PBXFileReference; lastKnownFileType = sourcecode.swift; path = SquareShapeRenderer.swift; sourceTree = "<group>"; };
		C6B340F02D5DFF48008F0A8F /* TriangleShapeRenderer.swift */ = {isa = PBXFileReference; lastKnownFileType = sourcecode.swift; path = TriangleShapeRenderer.swift; sourceTree = "<group>"; };
		C6B340F12D5DFF48008F0A8F /* XShapeRenderer.swift */ = {isa = PBXFileReference; lastKnownFileType = sourcecode.swift; path = XShapeRenderer.swift; sourceTree = "<group>"; };
		C6B340F32D5DFF48008F0A8F /* AxisRenderer.swift */ = {isa = PBXFileReference; lastKnownFileType = sourcecode.swift; path = AxisRenderer.swift; sourceTree = "<group>"; };
		C6B340F42D5DFF48008F0A8F /* BarChartRenderer.swift */ = {isa = PBXFileReference; lastKnownFileType = sourcecode.swift; path = BarChartRenderer.swift; sourceTree = "<group>"; };
		C6B340F52D5DFF48008F0A8F /* BarLineScatterCandleBubbleRenderer.swift */ = {isa = PBXFileReference; lastKnownFileType = sourcecode.swift; path = BarLineScatterCandleBubbleRenderer.swift; sourceTree = "<group>"; };
		C6B340F62D5DFF48008F0A8F /* BubbleChartRenderer.swift */ = {isa = PBXFileReference; lastKnownFileType = sourcecode.swift; path = BubbleChartRenderer.swift; sourceTree = "<group>"; };
		C6B340F72D5DFF48008F0A8F /* CandleStickChartRenderer.swift */ = {isa = PBXFileReference; lastKnownFileType = sourcecode.swift; path = CandleStickChartRenderer.swift; sourceTree = "<group>"; };
		C6B340F82D5DFF48008F0A8F /* CombinedChartRenderer.swift */ = {isa = PBXFileReference; lastKnownFileType = sourcecode.swift; path = CombinedChartRenderer.swift; sourceTree = "<group>"; };
		C6B340F92D5DFF48008F0A8F /* DataRenderer.swift */ = {isa = PBXFileReference; lastKnownFileType = sourcecode.swift; path = DataRenderer.swift; sourceTree = "<group>"; };
		C6B340FA2D5DFF48008F0A8F /* HorizontalBarChartRenderer.swift */ = {isa = PBXFileReference; lastKnownFileType = sourcecode.swift; path = HorizontalBarChartRenderer.swift; sourceTree = "<group>"; };
		C6B340FB2D5DFF48008F0A8F /* LegendRenderer.swift */ = {isa = PBXFileReference; lastKnownFileType = sourcecode.swift; path = LegendRenderer.swift; sourceTree = "<group>"; };
		C6B340FC2D5DFF48008F0A8F /* LineChartRenderer.swift */ = {isa = PBXFileReference; lastKnownFileType = sourcecode.swift; path = LineChartRenderer.swift; sourceTree = "<group>"; };
		C6B340FD2D5DFF48008F0A8F /* LineRadarRenderer.swift */ = {isa = PBXFileReference; lastKnownFileType = sourcecode.swift; path = LineRadarRenderer.swift; sourceTree = "<group>"; };
		C6B340FE2D5DFF48008F0A8F /* LineScatterCandleRadarRenderer.swift */ = {isa = PBXFileReference; lastKnownFileType = sourcecode.swift; path = LineScatterCandleRadarRenderer.swift; sourceTree = "<group>"; };
		C6B340FF2D5DFF48008F0A8F /* PieChartRenderer.swift */ = {isa = PBXFileReference; lastKnownFileType = sourcecode.swift; path = PieChartRenderer.swift; sourceTree = "<group>"; };
		C6B341002D5DFF48008F0A8F /* RadarChartRenderer.swift */ = {isa = PBXFileReference; lastKnownFileType = sourcecode.swift; path = RadarChartRenderer.swift; sourceTree = "<group>"; };
		C6B341012D5DFF48008F0A8F /* Renderer.swift */ = {isa = PBXFileReference; lastKnownFileType = sourcecode.swift; path = Renderer.swift; sourceTree = "<group>"; };
		C6B341022D5DFF48008F0A8F /* ScatterChartRenderer.swift */ = {isa = PBXFileReference; lastKnownFileType = sourcecode.swift; path = ScatterChartRenderer.swift; sourceTree = "<group>"; };
		C6B341032D5DFF48008F0A8F /* XAxisRenderer.swift */ = {isa = PBXFileReference; lastKnownFileType = sourcecode.swift; path = XAxisRenderer.swift; sourceTree = "<group>"; };
		C6B341042D5DFF48008F0A8F /* XAxisRendererHorizontalBarChart.swift */ = {isa = PBXFileReference; lastKnownFileType = sourcecode.swift; path = XAxisRendererHorizontalBarChart.swift; sourceTree = "<group>"; };
		C6B341052D5DFF48008F0A8F /* XAxisRendererRadarChart.swift */ = {isa = PBXFileReference; lastKnownFileType = sourcecode.swift; path = XAxisRendererRadarChart.swift; sourceTree = "<group>"; };
		C6B341062D5DFF48008F0A8F /* YAxisRenderer.swift */ = {isa = PBXFileReference; lastKnownFileType = sourcecode.swift; path = YAxisRenderer.swift; sourceTree = "<group>"; };
		C6B341072D5DFF48008F0A8F /* YAxisRendererHorizontalBarChart.swift */ = {isa = PBXFileReference; lastKnownFileType = sourcecode.swift; path = YAxisRendererHorizontalBarChart.swift; sourceTree = "<group>"; };
		C6B341082D5DFF48008F0A8F /* YAxisRendererRadarChart.swift */ = {isa = PBXFileReference; lastKnownFileType = sourcecode.swift; path = YAxisRendererRadarChart.swift; sourceTree = "<group>"; };
		C6B3410A2D5DFF48008F0A8F /* ChartColorTemplates.swift */ = {isa = PBXFileReference; lastKnownFileType = sourcecode.swift; path = ChartColorTemplates.swift; sourceTree = "<group>"; };
		C6B3410B2D5DFF48008F0A8F /* ChartUtils.swift */ = {isa = PBXFileReference; lastKnownFileType = sourcecode.swift; path = ChartUtils.swift; sourceTree = "<group>"; };
		C6B3410C2D5DFF48008F0A8F /* Fill.swift */ = {isa = PBXFileReference; lastKnownFileType = sourcecode.swift; path = Fill.swift; sourceTree = "<group>"; };
		C6B3410D2D5DFF48008F0A8F /* Platform.swift */ = {isa = PBXFileReference; lastKnownFileType = sourcecode.swift; path = Platform.swift; sourceTree = "<group>"; };
		C6B3410E2D5DFF48008F0A8F /* Platform+Accessibility.swift */ = {isa = PBXFileReference; lastKnownFileType = sourcecode.swift; path = "Platform+Accessibility.swift"; sourceTree = "<group>"; };
		C6B3410F2D5DFF48008F0A8F /* Platform+Color.swift */ = {isa = PBXFileReference; lastKnownFileType = sourcecode.swift; path = "Platform+Color.swift"; sourceTree = "<group>"; };
		C6B341102D5DFF48008F0A8F /* Platform+Gestures.swift */ = {isa = PBXFileReference; lastKnownFileType = sourcecode.swift; path = "Platform+Gestures.swift"; sourceTree = "<group>"; };
		C6B341112D5DFF48008F0A8F /* Platform+Graphics.swift */ = {isa = PBXFileReference; lastKnownFileType = sourcecode.swift; path = "Platform+Graphics.swift"; sourceTree = "<group>"; };
		C6B341122D5DFF48008F0A8F /* Platform+Touch Handling.swift */ = {isa = PBXFileReference; lastKnownFileType = sourcecode.swift; path = "Platform+Touch Handling.swift"; sourceTree = "<group>"; };
		C6B341132D5DFF48008F0A8F /* Sequence+KeyPath.swift */ = {isa = PBXFileReference; lastKnownFileType = sourcecode.swift; path = "Sequence+KeyPath.swift"; sourceTree = "<group>"; };
		C6B341142D5DFF48008F0A8F /* Transformer.swift */ = {isa = PBXFileReference; lastKnownFileType = sourcecode.swift; path = Transformer.swift; sourceTree = "<group>"; };
		C6B341152D5DFF48008F0A8F /* TransformerHorizontalBarChart.swift */ = {isa = PBXFileReference; lastKnownFileType = sourcecode.swift; path = TransformerHorizontalBarChart.swift; sourceTree = "<group>"; };
		C6B341162D5DFF48008F0A8F /* ViewPortHandler.swift */ = {isa = PBXFileReference; lastKnownFileType = sourcecode.swift; path = ViewPortHandler.swift; sourceTree = "<group>"; };
		D2E1819D72CD7B6C4A4E8048 /* LineChartTests.swift */ = {isa = PBXFileReference; includeInIndex = 1; lastKnownFileType = sourcecode.swift; path = LineChartTests.swift; sourceTree = "<group>"; };
/* End PBXFileReference section */

/* Begin PBXFrameworksBuildPhase section */
		77997192275C47C45A0A2E9A /* Frameworks */ = {
			isa = PBXFrameworksBuildPhase;
			buildActionMask = 2147483647;
			files = (
				C7B150D740255670DEB9F455 /* Charts.framework in Frameworks */,
				22BBDA0825CC4C2F00435670 /* SnapshotTesting in Frameworks */,
			);
			runOnlyForDeploymentPostprocessing = 0;
		};
		C16A09321DC2DCF289FF0E3B /* Frameworks */ = {
			isa = PBXFrameworksBuildPhase;
			buildActionMask = 2147483647;
			files = (
				228D56232554F27A00BEE75E /* Algorithms in Frameworks */,
			);
			runOnlyForDeploymentPostprocessing = 0;
		};
/* End PBXFrameworksBuildPhase section */

/* Begin PBXGroup section */
		033FD152BB2F906750106A85 /* Frameworks */ = {
			isa = PBXGroup;
			children = (
			);
			name = Frameworks;
			sourceTree = "<group>";
		};
		20C350D33133A4D89BB365B1 /* Source */ = {
			isa = PBXGroup;
			children = (
				C6B341182D5DFF48008F0A8F /* ChartsKit */,
				E9F158C8C566B26AFD775911 /* Supporting Files */,
			);
			name = Source;
			sourceTree = "<group>";
		};
		22786E8225CD96620051335B /* Resources */ = {
			isa = PBXGroup;
			children = (
				22786E8325CD96620051335B /* Media.xcassets */,
				22786E8425CD96620051335B /* Info.plist */,
			);
			path = Resources;
			sourceTree = "<group>";
		};
		865A1CF149F52850CAB7F177 = {
			isa = PBXGroup;
			children = (
				AB2D554102718F209377399E /* Products */,
				033FD152BB2F906750106A85 /* Frameworks */,
				20C350D33133A4D89BB365B1 /* Source */,
				D2C26AC015E753014C7571E4 /* Tests */,
			);
			sourceTree = "<group>";
		};
		9613A7C800C7F065A823D587 /* Charts */ = {
			isa = PBXGroup;
			children = (
				22786E8225CD96620051335B /* Resources */,
				5C3F5E1A69EC06E86505F7B1 /* BarChartTests.swift */,
				B66817452241E3CC00017CF1 /* HorizontalBarChartTests.swift */,
				7AB9062A28AAB9469752A954 /* ChartUtilsTests.swift */,
				2243BBFB1FF156D000B49D0B /* EquatableTests.swift */,
				B6BF9A551F91993A00E62A5D /* CombinedChartTests.swift */,
				D2E1819D72CD7B6C4A4E8048 /* LineChartTests.swift */,
				135F11CD20425AF600D655A3 /* PieChartTests.swift */,
				064989451F5C99C7006E8BB3 /* Utilities.swift */,
				C03E6D8023DAAB2600083010 /* ChartDataTests.swift */,
			);
			name = Charts;
			path = Tests/ChartsTests;
			sourceTree = "<group>";
		};
		AB2D554102718F209377399E /* Products */ = {
			isa = PBXGroup;
			children = (
				65AD9E95D9ED4DC0BD73A743 /* Charts.framework */,
				1CBBC58C6CE1EBEE9852CE41 /* ChartsTests.xctest */,
			);
			name = Products;
			sourceTree = "<group>";
		};
		C6B3407E2D5DFF48008F0A8F /* Animation */ = {
			isa = PBXGroup;
			children = (
				C6B3407C2D5DFF48008F0A8F /* Animator.swift */,
				C6B3407D2D5DFF48008F0A8F /* ChartAnimationEasing.swift */,
			);
			path = Animation;
			sourceTree = "<group>";
		};
		C6B3408B2D5DFF48008F0A8F /* Charts */ = {
			isa = PBXGroup;
			children = (
				C6B3407F2D5DFF48008F0A8F /* BarChartView.swift */,
				C6B340802D5DFF48008F0A8F /* BarLineChartViewBase.swift */,
				C6B340812D5DFF48008F0A8F /* BubbleChartView.swift */,
				C6B340822D5DFF48008F0A8F /* CandleStickChartView.swift */,
				C6B340832D5DFF48008F0A8F /* ChartViewBase.swift */,
				C6B340842D5DFF48008F0A8F /* CombinedChartView.swift */,
				C6B340852D5DFF48008F0A8F /* HorizontalBarChartView.swift */,
				C6B340862D5DFF48008F0A8F /* LineChartView.swift */,
				C6B340872D5DFF48008F0A8F /* PieChartView.swift */,
				C6B340882D5DFF48008F0A8F /* PieRadarChartViewBase.swift */,
				C6B340892D5DFF48008F0A8F /* RadarChartView.swift */,
				C6B3408A2D5DFF48008F0A8F /* ScatterChartView.swift */,
			);
			path = Charts;
			sourceTree = "<group>";
		};
		C6B340972D5DFF48008F0A8F /* Components */ = {
			isa = PBXGroup;
			children = (
				C6B3408C2D5DFF48008F0A8F /* AxisBase.swift */,
				C6B3408D2D5DFF48008F0A8F /* ChartLimitLine.swift */,
				C6B3408E2D5DFF48008F0A8F /* ComponentBase.swift */,
				C6B3408F2D5DFF48008F0A8F /* Description.swift */,
				C6B340902D5DFF48008F0A8F /* Legend.swift */,
				C6B340912D5DFF48008F0A8F /* LegendEntry.swift */,
				C6B340922D5DFF48008F0A8F /* Marker.swift */,
				C6B340932D5DFF48008F0A8F /* MarkerImage.swift */,
				C6B340942D5DFF48008F0A8F /* MarkerView.swift */,
				C6B340952D5DFF48008F0A8F /* XAxis.swift */,
				C6B340962D5DFF48008F0A8F /* YAxis.swift */,
			);
			path = Components;
			sourceTree = "<group>";
		};
		C6B340B42D5DFF48008F0A8F /* Standard */ = {
			isa = PBXGroup;
			children = (
				C6B340982D5DFF48008F0A8F /* BarChartData.swift */,
				C6B340992D5DFF48008F0A8F /* BarChartDataEntry.swift */,
				C6B3409A2D5DFF48008F0A8F /* BarChartDataSet.swift */,
				C6B3409B2D5DFF48008F0A8F /* BarLineScatterCandleBubbleChartData.swift */,
				C6B3409C2D5DFF48008F0A8F /* BarLineScatterCandleBubbleChartDataSet.swift */,
				C6B3409D2D5DFF48008F0A8F /* BubbleChartData.swift */,
				C6B3409E2D5DFF48008F0A8F /* BubbleChartDataEntry.swift */,
				C6B3409F2D5DFF48008F0A8F /* BubbleChartDataSet.swift */,
				C6B340A02D5DFF48008F0A8F /* CandleChartData.swift */,
				C6B340A12D5DFF48008F0A8F /* CandleChartDataEntry.swift */,
				C6B340A22D5DFF48008F0A8F /* CandleChartDataSet.swift */,
				C6B340A32D5DFF48008F0A8F /* ChartData.swift */,
				C6B340A42D5DFF48008F0A8F /* ChartDataEntry.swift */,
				C6B340A52D5DFF48008F0A8F /* ChartDataEntryBase.swift */,
				C6B340A62D5DFF48008F0A8F /* ChartDataSet.swift */,
				C6B340A72D5DFF48008F0A8F /* CombinedChartData.swift */,
				C6B340A82D5DFF48008F0A8F /* LineChartData.swift */,
				C6B340A92D5DFF48008F0A8F /* LineChartDataSet.swift */,
				C6B340AA2D5DFF48008F0A8F /* LineRadarChartDataSet.swift */,
				C6B340AB2D5DFF48008F0A8F /* LineScatterCandleRadarChartDataSet.swift */,
				C6B340AC2D5DFF48008F0A8F /* PieChartData.swift */,
				C6B340AD2D5DFF48008F0A8F /* PieChartDataEntry.swift */,
				C6B340AE2D5DFF48008F0A8F /* PieChartDataSet.swift */,
				C6B340AF2D5DFF48008F0A8F /* RadarChartData.swift */,
				C6B340B02D5DFF48008F0A8F /* RadarChartDataEntry.swift */,
				C6B340B12D5DFF48008F0A8F /* RadarChartDataSet.swift */,
				C6B340B22D5DFF48008F0A8F /* ScatterChartData.swift */,
				C6B340B32D5DFF48008F0A8F /* ScatterChartDataSet.swift */,
			);
			path = Standard;
			sourceTree = "<group>";
		};
		C6B340B62D5DFF48008F0A8F /* Implementations */ = {
			isa = PBXGroup;
			children = (
				C6B340B42D5DFF48008F0A8F /* Standard */,
				C6B340B52D5DFF48008F0A8F /* ChartBaseDataSet.swift */,
			);
			path = Implementations;
			sourceTree = "<group>";
		};
		C6B340C22D5DFF48008F0A8F /* Interfaces */ = {
			isa = PBXGroup;
			children = (
				C6B340B72D5DFF48008F0A8F /* BarChartDataSetProtocol.swift */,
				C6B340B82D5DFF48008F0A8F /* BarLineScatterCandleBubbleChartDataSetProtocol.swift */,
				C6B340B92D5DFF48008F0A8F /* BubbleChartDataSetProtocol.swift */,
				C6B340BA2D5DFF48008F0A8F /* CandleChartDataSetProtocol.swift */,
				C6B340BB2D5DFF48008F0A8F /* ChartDataSetProtocol.swift */,
				C6B340BC2D5DFF48008F0A8F /* LineChartDataSetProtocol.swift */,
				C6B340BD2D5DFF48008F0A8F /* LineRadarChartDataSetProtocol.swift */,
				C6B340BE2D5DFF48008F0A8F /* LineScatterCandleRadarChartDataSetProtocol.swift */,
				C6B340BF2D5DFF48008F0A8F /* PieChartDataSetProtocol.swift */,
				C6B340C02D5DFF48008F0A8F /* RadarChartDataSetProtocol.swift */,
				C6B340C12D5DFF48008F0A8F /* ScatterChartDataSetProtocol.swift */,
			);
			path = Interfaces;
			sourceTree = "<group>";
		};
		C6B340C32D5DFF48008F0A8F /* Data */ = {
			isa = PBXGroup;
			children = (
				C6B340B62D5DFF48008F0A8F /* Implementations */,
				C6B340C22D5DFF48008F0A8F /* Interfaces */,
			);
			path = Data;
			sourceTree = "<group>";
		};
		C6B340C62D5DFF48008F0A8F /* Filters */ = {
			isa = PBXGroup;
			children = (
				C6B340C42D5DFF48008F0A8F /* DataApproximator.swift */,
				C6B340C52D5DFF48008F0A8F /* DataApproximator+N.swift */,
			);
			path = Filters;
			sourceTree = "<group>";
		};
		C6B340CE2D5DFF48008F0A8F /* Formatters */ = {
			isa = PBXGroup;
			children = (
				C6B340C72D5DFF48008F0A8F /* AxisValueFormatter.swift */,
				C6B340C82D5DFF48008F0A8F /* DefaultAxisValueFormatter.swift */,
				C6B340C92D5DFF48008F0A8F /* DefaultFillFormatter.swift */,
				C6B340CA2D5DFF48008F0A8F /* DefaultValueFormatter.swift */,
				C6B340CB2D5DFF48008F0A8F /* FillFormatter.swift */,
				C6B340CC2D5DFF48008F0A8F /* IndexAxisValueFormatter.swift */,
				C6B340CD2D5DFF48008F0A8F /* ValueFormatter.swift */,
			);
			path = Formatters;
			sourceTree = "<group>";
		};
		C6B340D92D5DFF48008F0A8F /* Highlight */ = {
			isa = PBXGroup;
			children = (
				C6B340CF2D5DFF48008F0A8F /* BarHighlighter.swift */,
				C6B340D02D5DFF48008F0A8F /* ChartHighlighter.swift */,
				C6B340D12D5DFF48008F0A8F /* CombinedHighlighter.swift */,
				C6B340D22D5DFF48008F0A8F /* Highlight.swift */,
				C6B340D32D5DFF48008F0A8F /* Highlighter.swift */,
				C6B340D42D5DFF48008F0A8F /* HorizontalBarHighlighter.swift */,
				C6B340D52D5DFF48008F0A8F /* PieHighlighter.swift */,
				C6B340D62D5DFF48008F0A8F /* PieRadarHighlighter.swift */,
				C6B340D72D5DFF48008F0A8F /* RadarHighlighter.swift */,
				C6B340D82D5DFF48008F0A8F /* Range.swift */,
			);
			path = Highlight;
			sourceTree = "<group>";
		};
		C6B340E22D5DFF48008F0A8F /* Interfaces */ = {
			isa = PBXGroup;
			children = (
				C6B340DA2D5DFF48008F0A8F /* BarChartDataProvider.swift */,
				C6B340DB2D5DFF48008F0A8F /* BarLineScatterCandleBubbleChartDataProvider.swift */,
				C6B340DC2D5DFF48008F0A8F /* BubbleChartDataProvider.swift */,
				C6B340DD2D5DFF48008F0A8F /* CandleChartDataProvider.swift */,
				C6B340DE2D5DFF48008F0A8F /* ChartDataProvider.swift */,
				C6B340DF2D5DFF48008F0A8F /* CombinedChartDataProvider.swift */,
				C6B340E02D5DFF48008F0A8F /* LineChartDataProvider.swift */,
				C6B340E12D5DFF48008F0A8F /* ScatterChartDataProvider.swift */,
			);
			path = Interfaces;
			sourceTree = "<group>";
		};
		C6B340E92D5DFF48008F0A8F /* Jobs */ = {
			isa = PBXGroup;
			children = (
				C6B340E32D5DFF48008F0A8F /* AnimatedMoveViewJob.swift */,
				C6B340E42D5DFF48008F0A8F /* AnimatedViewPortJob.swift */,
				C6B340E52D5DFF48008F0A8F /* AnimatedZoomViewJob.swift */,
				C6B340E62D5DFF48008F0A8F /* MoveViewJob.swift */,
				C6B340E72D5DFF48008F0A8F /* ViewPortJob.swift */,
				C6B340E82D5DFF48008F0A8F /* ZoomViewJob.swift */,
			);
			path = Jobs;
			sourceTree = "<group>";
		};
		C6B340F22D5DFF48008F0A8F /* Scatter */ = {
			isa = PBXGroup;
			children = (
				C6B340EA2D5DFF48008F0A8F /* ChevronDownShapeRenderer.swift */,
				C6B340EB2D5DFF48008F0A8F /* ChevronUpShapeRenderer.swift */,
				C6B340EC2D5DFF48008F0A8F /* CircleShapeRenderer.swift */,
				C6B340ED2D5DFF48008F0A8F /* CrossShapeRenderer.swift */,
				C6B340EE2D5DFF48008F0A8F /* ShapeRenderer.swift */,
				C6B340EF2D5DFF48008F0A8F /* SquareShapeRenderer.swift */,
				C6B340F02D5DFF48008F0A8F /* TriangleShapeRenderer.swift */,
				C6B340F12D5DFF48008F0A8F /* XShapeRenderer.swift */,
			);
			path = Scatter;
			sourceTree = "<group>";
		};
		C6B341092D5DFF48008F0A8F /* Renderers */ = {
			isa = PBXGroup;
			children = (
				C6B340F22D5DFF48008F0A8F /* Scatter */,
				C6B340F32D5DFF48008F0A8F /* AxisRenderer.swift */,
				C6B340F42D5DFF48008F0A8F /* BarChartRenderer.swift */,
				C6B340F52D5DFF48008F0A8F /* BarLineScatterCandleBubbleRenderer.swift */,
				C6B340F62D5DFF48008F0A8F /* BubbleChartRenderer.swift */,
				C6B340F72D5DFF48008F0A8F /* CandleStickChartRenderer.swift */,
				C6B340F82D5DFF48008F0A8F /* CombinedChartRenderer.swift */,
				C6B340F92D5DFF48008F0A8F /* DataRenderer.swift */,
				C6B340FA2D5DFF48008F0A8F /* HorizontalBarChartRenderer.swift */,
				C6B340FB2D5DFF48008F0A8F /* LegendRenderer.swift */,
				C6B340FC2D5DFF48008F0A8F /* LineChartRenderer.swift */,
				C6B340FD2D5DFF48008F0A8F /* LineRadarRenderer.swift */,
				C6B340FE2D5DFF48008F0A8F /* LineScatterCandleRadarRenderer.swift */,
				C6B340FF2D5DFF48008F0A8F /* PieChartRenderer.swift */,
				C6B341002D5DFF48008F0A8F /* RadarChartRenderer.swift */,
				C6B341012D5DFF48008F0A8F /* Renderer.swift */,
				C6B341022D5DFF48008F0A8F /* ScatterChartRenderer.swift */,
				C6B341032D5DFF48008F0A8F /* XAxisRenderer.swift */,
				C6B341042D5DFF48008F0A8F /* XAxisRendererHorizontalBarChart.swift */,
				C6B341052D5DFF48008F0A8F /* XAxisRendererRadarChart.swift */,
				C6B341062D5DFF48008F0A8F /* YAxisRenderer.swift */,
				C6B341072D5DFF48008F0A8F /* YAxisRendererHorizontalBarChart.swift */,
				C6B341082D5DFF48008F0A8F /* YAxisRendererRadarChart.swift */,
			);
			path = Renderers;
			sourceTree = "<group>";
		};
		C6B341172D5DFF48008F0A8F /* Utils */ = {
			isa = PBXGroup;
			children = (
				C6B3410A2D5DFF48008F0A8F /* ChartColorTemplates.swift */,
				C6B3410B2D5DFF48008F0A8F /* ChartUtils.swift */,
				C6B3410C2D5DFF48008F0A8F /* Fill.swift */,
				C6B3410D2D5DFF48008F0A8F /* Platform.swift */,
				C6B3410E2D5DFF48008F0A8F /* Platform+Accessibility.swift */,
				C6B3410F2D5DFF48008F0A8F /* Platform+Color.swift */,
				C6B341102D5DFF48008F0A8F /* Platform+Gestures.swift */,
				C6B341112D5DFF48008F0A8F /* Platform+Graphics.swift */,
				C6B341122D5DFF48008F0A8F /* Platform+Touch Handling.swift */,
				C6B341132D5DFF48008F0A8F /* Sequence+KeyPath.swift */,
				C6B341142D5DFF48008F0A8F /* Transformer.swift */,
				C6B341152D5DFF48008F0A8F /* TransformerHorizontalBarChart.swift */,
				C6B341162D5DFF48008F0A8F /* ViewPortHandler.swift */,
			);
			path = Utils;
			sourceTree = "<group>";
		};
		C6B341182D5DFF48008F0A8F /* ChartsKit */ = {
			isa = PBXGroup;
			children = (
				C6B3407E2D5DFF48008F0A8F /* Animation */,
				C6B3408B2D5DFF48008F0A8F /* Charts */,
				C6B340972D5DFF48008F0A8F /* Components */,
				C6B340C32D5DFF48008F0A8F /* Data */,
				C6B340C62D5DFF48008F0A8F /* Filters */,
				C6B340CE2D5DFF48008F0A8F /* Formatters */,
				C6B340D92D5DFF48008F0A8F /* Highlight */,
				C6B340E22D5DFF48008F0A8F /* Interfaces */,
				C6B340E92D5DFF48008F0A8F /* Jobs */,
				C6B341092D5DFF48008F0A8F /* Renderers */,
				C6B341172D5DFF48008F0A8F /* Utils */,
			);
			path = ChartsKit;
			sourceTree = "<group>";
		};
		D2C26AC015E753014C7571E4 /* Tests */ = {
			isa = PBXGroup;
			children = (
				9613A7C800C7F065A823D587 /* Charts */,
			);
			name = Tests;
			sourceTree = "<group>";
		};
		E9F158C8C566B26AFD775911 /* Supporting Files */ = {
			isa = PBXGroup;
			children = (
				910DBFE1DA1B2CA237A736DF /* Info.plist */,
				4F9922F0641F7955DC6CD324 /* Charts.h */,
			);
			name = "Supporting Files";
			sourceTree = "<group>";
		};
/* End PBXGroup section */

/* Begin PBXHeadersBuildPhase section */
		B2B2DD73E237562739EE1F83 /* Headers */ = {
			isa = PBXHeadersBuildPhase;
			buildActionMask = 2147483647;
			files = (
				BEFD9518F3A74ACF8FA33308 /* Charts.h in Headers */,
			);
			runOnlyForDeploymentPostprocessing = 0;
		};
/* End PBXHeadersBuildPhase section */

/* Begin PBXNativeTarget section */
		A58A4ED274A941CA248EA921 /* Charts */ = {
			isa = PBXNativeTarget;
			buildConfigurationList = F1D4AA9E26EA32041FC0E3B6 /* Build configuration list for PBXNativeTarget "Charts" */;
			buildPhases = (
				B2B2DD73E237562739EE1F83 /* Headers */,
				B5996DB2D9B6F0DB0E9D3F3E /* Sources */,
				E257C254E738A8AE047C6FB6 /* Resources */,
				C16A09321DC2DCF289FF0E3B /* Frameworks */,
			);
			buildRules = (
			);
			dependencies = (
			);
			name = Charts;
			packageProductDependencies = (
				228D56222554F27A00BEE75E /* Algorithms */,
			);
			productName = Charts;
			productReference = 65AD9E95D9ED4DC0BD73A743 /* Charts.framework */;
			productType = "com.apple.product-type.framework";
		};
		F2749BD5443C1CB5FE2080C2 /* ChartsTests */ = {
			isa = PBXNativeTarget;
			buildConfigurationList = E61E9728E2BF9CC4048B13D5 /* Build configuration list for PBXNativeTarget "ChartsTests" */;
			buildPhases = (
				E356A2384A2368AB3D2C7912 /* Sources */,
				5B102E31AA8399941CC6248D /* Resources */,
				77997192275C47C45A0A2E9A /* Frameworks */,
			);
			buildRules = (
			);
			dependencies = (
				8676F8A013D87F9961E92465 /* PBXTargetDependency */,
			);
			name = ChartsTests;
			packageProductDependencies = (
				22BBDA0725CC4C2F00435670 /* SnapshotTesting */,
			);
			productName = ChartsTests;
			productReference = 1CBBC58C6CE1EBEE9852CE41 /* ChartsTests.xctest */;
			productType = "com.apple.product-type.bundle.unit-test";
		};
/* End PBXNativeTarget section */

/* Begin PBXProject section */
		193FC8DF32D250560C5F5D77 /* Project object */ = {
			isa = PBXProject;
			attributes = {
				LastSwiftUpdateCheck = 0830;
				LastUpgradeCheck = 1400;
				TargetAttributes = {
					A58A4ED274A941CA248EA921 = {
						LastSwiftMigration = 1150;
					};
					F2749BD5443C1CB5FE2080C2 = {
						LastSwiftMigration = 0900;
					};
				};
			};
			buildConfigurationList = 493FF4FB1D40FC7C51DDDA6B /* Build configuration list for PBXProject "Charts" */;
			compatibilityVersion = "Xcode 3.2";
			developmentRegion = en;
			hasScannedForEncodings = 0;
			knownRegions = (
				en,
				Base,
			);
			mainGroup = 865A1CF149F52850CAB7F177;
			packageReferences = (
				228D56212554F27A00BEE75E /* XCRemoteSwiftPackageReference "swift-algorithms" */,
				22BBDA0625CC4C2F00435670 /* XCRemoteSwiftPackageReference "swift-snapshot-testing" */,
			);
			productRefGroup = AB2D554102718F209377399E /* Products */;
			projectDirPath = "";
			projectRoot = "";
			targets = (
				A58A4ED274A941CA248EA921 /* Charts */,
				F2749BD5443C1CB5FE2080C2 /* ChartsTests */,
			);
		};
/* End PBXProject section */

/* Begin PBXResourcesBuildPhase section */
		5B102E31AA8399941CC6248D /* Resources */ = {
			isa = PBXResourcesBuildPhase;
			buildActionMask = 2147483647;
			files = (
				22786E8525CD96620051335B /* Media.xcassets in Resources */,
			);
			runOnlyForDeploymentPostprocessing = 0;
		};
		E257C254E738A8AE047C6FB6 /* Resources */ = {
			isa = PBXResourcesBuildPhase;
			buildActionMask = 2147483647;
			files = (
			);
			runOnlyForDeploymentPostprocessing = 0;
		};
/* End PBXResourcesBuildPhase section */

/* Begin PBXSourcesBuildPhase section */
		B5996DB2D9B6F0DB0E9D3F3E /* Sources */ = {
			isa = PBXSourcesBuildPhase;
			buildActionMask = 2147483647;
			files = (
				C6B341192D5DFF48008F0A8F /* ChevronUpShapeRenderer.swift in Sources */,
				C6B3411A2D5DFF48008F0A8F /* Marker.swift in Sources */,
				C6B3411B2D5DFF48008F0A8F /* CandleChartDataProvider.swift in Sources */,
				C6B3411C2D5DFF48008F0A8F /* BarLineScatterCandleBubbleChartDataSetProtocol.swift in Sources */,
				C6B3411D2D5DFF48008F0A8F /* Transformer.swift in Sources */,
				C6B3411E2D5DFF48008F0A8F /* BarLineScatterCandleBubbleChartDataProvider.swift in Sources */,
				C6B3411F2D5DFF48008F0A8F /* TriangleShapeRenderer.swift in Sources */,
				C6B341202D5DFF48008F0A8F /* Platform+Gestures.swift in Sources */,
				C6B341212D5DFF48008F0A8F /* Platform+Accessibility.swift in Sources */,
				C6B341222D5DFF48008F0A8F /* HorizontalBarChartView.swift in Sources */,
				C6B341232D5DFF48008F0A8F /* Platform.swift in Sources */,
				C6B341242D5DFF48008F0A8F /* ViewPortJob.swift in Sources */,
				C6B341252D5DFF48008F0A8F /* CombinedChartDataProvider.swift in Sources */,
				C6B341262D5DFF48008F0A8F /* ValueFormatter.swift in Sources */,
				C6B341272D5DFF48008F0A8F /* BarChartDataProvider.swift in Sources */,
				C6B341282D5DFF48008F0A8F /* TransformerHorizontalBarChart.swift in Sources */,
				C6B341292D5DFF48008F0A8F /* XAxisRendererHorizontalBarChart.swift in Sources */,
				C6B3412A2D5DFF48008F0A8F /* FillFormatter.swift in Sources */,
				C6B3412B2D5DFF48008F0A8F /* ChartDataSet.swift in Sources */,
				C6B3412C2D5DFF48008F0A8F /* PieRadarHighlighter.swift in Sources */,
				C6B3412D2D5DFF48008F0A8F /* ScatterChartRenderer.swift in Sources */,
				C6B3412E2D5DFF48008F0A8F /* ViewPortHandler.swift in Sources */,
				C6B3412F2D5DFF48008F0A8F /* CrossShapeRenderer.swift in Sources */,
				C6B341302D5DFF48008F0A8F /* DataRenderer.swift in Sources */,
				C6B341312D5DFF48008F0A8F /* LineChartDataProvider.swift in Sources */,
				C6B341322D5DFF48008F0A8F /* LineRadarChartDataSet.swift in Sources */,
				C6B341332D5DFF48008F0A8F /* CandleChartDataEntry.swift in Sources */,
				C6B341342D5DFF48008F0A8F /* PieChartDataSet.swift in Sources */,
				C6B341352D5DFF48008F0A8F /* Fill.swift in Sources */,
				C6B341362D5DFF48008F0A8F /* MarkerImage.swift in Sources */,
				C6B341372D5DFF48008F0A8F /* AxisRenderer.swift in Sources */,
				C6B341382D5DFF48008F0A8F /* Description.swift in Sources */,
				C6B341392D5DFF48008F0A8F /* LegendEntry.swift in Sources */,
				C6B3413A2D5DFF48008F0A8F /* AnimatedZoomViewJob.swift in Sources */,
				C6B3413B2D5DFF48008F0A8F /* CandleStickChartView.swift in Sources */,
				C6B3413C2D5DFF48008F0A8F /* RadarChartView.swift in Sources */,
				C6B3413D2D5DFF48008F0A8F /* BarLineScatterCandleBubbleChartData.swift in Sources */,
				C6B3413E2D5DFF48008F0A8F /* YAxisRenderer.swift in Sources */,
				C6B3413F2D5DFF48008F0A8F /* ScatterChartView.swift in Sources */,
				C6B341402D5DFF48008F0A8F /* LineScatterCandleRadarRenderer.swift in Sources */,
				C6B341412D5DFF48008F0A8F /* BarLineChartViewBase.swift in Sources */,
				C6B341422D5DFF48008F0A8F /* SquareShapeRenderer.swift in Sources */,
				C6B341432D5DFF48008F0A8F /* ShapeRenderer.swift in Sources */,
				C6B341442D5DFF48008F0A8F /* HorizontalBarHighlighter.swift in Sources */,
				C6B341452D5DFF48008F0A8F /* ChartViewBase.swift in Sources */,
				C6B341462D5DFF48008F0A8F /* XAxisRendererRadarChart.swift in Sources */,
				C6B341472D5DFF48008F0A8F /* PieChartView.swift in Sources */,
				C6B341482D5DFF48008F0A8F /* ChartDataProvider.swift in Sources */,
				C6B341492D5DFF48008F0A8F /* PieChartData.swift in Sources */,
				C6B3414A2D5DFF48008F0A8F /* ComponentBase.swift in Sources */,
				C6B3414B2D5DFF48008F0A8F /* Sequence+KeyPath.swift in Sources */,
				C6B3414C2D5DFF48008F0A8F /* RadarChartRenderer.swift in Sources */,
				C6B3414D2D5DFF48008F0A8F /* MarkerView.swift in Sources */,
				C6B3414E2D5DFF48008F0A8F /* LineRadarRenderer.swift in Sources */,
				C6B3414F2D5DFF48008F0A8F /* RadarHighlighter.swift in Sources */,
				C6B341502D5DFF48008F0A8F /* PieChartDataEntry.swift in Sources */,
				C6B341512D5DFF48008F0A8F /* BubbleChartData.swift in Sources */,
				C6B341522D5DFF48008F0A8F /* ChartHighlighter.swift in Sources */,
				C6B341532D5DFF48008F0A8F /* AnimatedViewPortJob.swift in Sources */,
				C6B341542D5DFF48008F0A8F /* XAxisRenderer.swift in Sources */,
				C6B341552D5DFF48008F0A8F /* XAxis.swift in Sources */,
				C6B341562D5DFF48008F0A8F /* DataApproximator.swift in Sources */,
				C6B341572D5DFF48008F0A8F /* CandleChartDataSet.swift in Sources */,
				C6B341582D5DFF48008F0A8F /* BubbleChartRenderer.swift in Sources */,
				C6B341592D5DFF48008F0A8F /* ChartDataEntry.swift in Sources */,
				C6B3415A2D5DFF48008F0A8F /* ChartBaseDataSet.swift in Sources */,
				C6B3415B2D5DFF48008F0A8F /* CombinedChartData.swift in Sources */,
				C6B3415C2D5DFF48008F0A8F /* PieChartRenderer.swift in Sources */,
				C6B3415D2D5DFF48008F0A8F /* ChartUtils.swift in Sources */,
				C6B3415E2D5DFF48008F0A8F /* DefaultFillFormatter.swift in Sources */,
				C6B3415F2D5DFF48008F0A8F /* ChartData.swift in Sources */,
				C6B341602D5DFF48008F0A8F /* BarChartDataSet.swift in Sources */,
				C6B341612D5DFF48008F0A8F /* DefaultValueFormatter.swift in Sources */,
				C6B341622D5DFF48008F0A8F /* ChartColorTemplates.swift in Sources */,
				C6B341632D5DFF48008F0A8F /* YAxisRendererRadarChart.swift in Sources */,
				C6B341642D5DFF48008F0A8F /* ChartAnimationEasing.swift in Sources */,
				C6B341652D5DFF48008F0A8F /* PieHighlighter.swift in Sources */,
				C6B341662D5DFF48008F0A8F /* Animator.swift in Sources */,
				C6B341672D5DFF48008F0A8F /* CandleStickChartRenderer.swift in Sources */,
				C6B341682D5DFF48008F0A8F /* YAxisRendererHorizontalBarChart.swift in Sources */,
				C6B341692D5DFF48008F0A8F /* BubbleChartDataProvider.swift in Sources */,
				C6B3416A2D5DFF48008F0A8F /* ScatterChartDataSet.swift in Sources */,
				C6B3416B2D5DFF48008F0A8F /* CandleChartData.swift in Sources */,
				C6B3416C2D5DFF48008F0A8F /* CircleShapeRenderer.swift in Sources */,
				C6B3416D2D5DFF48008F0A8F /* XShapeRenderer.swift in Sources */,
				C6B3416E2D5DFF48008F0A8F /* BarChartView.swift in Sources */,
				C6B3416F2D5DFF48008F0A8F /* AxisValueFormatter.swift in Sources */,
				C6B341702D5DFF48008F0A8F /* Platform+Graphics.swift in Sources */,
				C6B341712D5DFF48008F0A8F /* Highlight.swift in Sources */,
				C6B341722D5DFF48008F0A8F /* ChartDataEntryBase.swift in Sources */,
				C6B341732D5DFF48008F0A8F /* LegendRenderer.swift in Sources */,
				C6B341742D5DFF48008F0A8F /* ChartLimitLine.swift in Sources */,
				C6B341752D5DFF48008F0A8F /* BarChartDataSetProtocol.swift in Sources */,
				C6B341762D5DFF48008F0A8F /* BubbleChartDataSetProtocol.swift in Sources */,
				C6B341772D5DFF48008F0A8F /* RadarChartDataSetProtocol.swift in Sources */,
				C6B341782D5DFF48008F0A8F /* Highlighter.swift in Sources */,
				C6B341792D5DFF48008F0A8F /* BarHighlighter.swift in Sources */,
				C6B3417A2D5DFF48008F0A8F /* AxisBase.swift in Sources */,
				C6B3417B2D5DFF48008F0A8F /* LineScatterCandleRadarChartDataSetProtocol.swift in Sources */,
				C6B3417C2D5DFF48008F0A8F /* ChartDataSetProtocol.swift in Sources */,
				C6B3417D2D5DFF48008F0A8F /* RadarChartDataEntry.swift in Sources */,
				C6B3417E2D5DFF48008F0A8F /* PieChartDataSetProtocol.swift in Sources */,
				C6B3417F2D5DFF48008F0A8F /* Renderer.swift in Sources */,
				C6B341802D5DFF48008F0A8F /* HorizontalBarChartRenderer.swift in Sources */,
				C6B341812D5DFF48008F0A8F /* BubbleChartDataSet.swift in Sources */,
				C6B341822D5DFF48008F0A8F /* CandleChartDataSetProtocol.swift in Sources */,
				C6B341832D5DFF48008F0A8F /* Range.swift in Sources */,
				C6B341842D5DFF48008F0A8F /* ChevronDownShapeRenderer.swift in Sources */,
				C6B341852D5DFF48008F0A8F /* BarChartRenderer.swift in Sources */,
				C6B341862D5DFF48008F0A8F /* BarLineScatterCandleBubbleRenderer.swift in Sources */,
				C6B341872D5DFF48008F0A8F /* BarChartDataEntry.swift in Sources */,
				C6B341882D5DFF48008F0A8F /* LineChartData.swift in Sources */,
				C6B341892D5DFF48008F0A8F /* AnimatedMoveViewJob.swift in Sources */,
				C6B3418A2D5DFF48008F0A8F /* BarLineScatterCandleBubbleChartDataSet.swift in Sources */,
				C6B3418B2D5DFF48008F0A8F /* LineRadarChartDataSetProtocol.swift in Sources */,
				C6B3418C2D5DFF48008F0A8F /* CombinedChartView.swift in Sources */,
				C6B3418D2D5DFF48008F0A8F /* BarChartData.swift in Sources */,
				C6B3418E2D5DFF48008F0A8F /* ScatterChartDataProvider.swift in Sources */,
				C6B3418F2D5DFF48008F0A8F /* RadarChartDataSet.swift in Sources */,
				C6B341902D5DFF48008F0A8F /* MoveViewJob.swift in Sources */,
				C6B341912D5DFF48008F0A8F /* LineChartView.swift in Sources */,
				C6B341922D5DFF48008F0A8F /* IndexAxisValueFormatter.swift in Sources */,
				C6B341932D5DFF48008F0A8F /* CombinedHighlighter.swift in Sources */,
				C6B341942D5DFF48008F0A8F /* BubbleChartView.swift in Sources */,
				C6B341952D5DFF48008F0A8F /* LineScatterCandleRadarChartDataSet.swift in Sources */,
				C6B341962D5DFF48008F0A8F /* Platform+Color.swift in Sources */,
				C6B341972D5DFF48008F0A8F /* YAxis.swift in Sources */,
				C6B341982D5DFF48008F0A8F /* DefaultAxisValueFormatter.swift in Sources */,
				C6B341992D5DFF48008F0A8F /* PieRadarChartViewBase.swift in Sources */,
				C6B3419A2D5DFF48008F0A8F /* LineChartRenderer.swift in Sources */,
				C6B3419B2D5DFF48008F0A8F /* DataApproximator+N.swift in Sources */,
				C6B3419C2D5DFF48008F0A8F /* Legend.swift in Sources */,
				C6B3419D2D5DFF48008F0A8F /* RadarChartData.swift in Sources */,
				C6B3419E2D5DFF48008F0A8F /* LineChartDataSetProtocol.swift in Sources */,
				C6B3419F2D5DFF48008F0A8F /* CombinedChartRenderer.swift in Sources */,
				C6B341A02D5DFF48008F0A8F /* BubbleChartDataEntry.swift in Sources */,
				C6B341A12D5DFF48008F0A8F /* LineChartDataSet.swift in Sources */,
				C6B341A22D5DFF48008F0A8F /* ScatterChartDataSetProtocol.swift in Sources */,
				C6B341A32D5DFF48008F0A8F /* Platform+Touch Handling.swift in Sources */,
				C6B341A42D5DFF48008F0A8F /* ScatterChartData.swift in Sources */,
				C6B341A52D5DFF48008F0A8F /* ZoomViewJob.swift in Sources */,
			);
			runOnlyForDeploymentPostprocessing = 0;
		};
		E356A2384A2368AB3D2C7912 /* Sources */ = {
			isa = PBXSourcesBuildPhase;
			buildActionMask = 2147483647;
			files = (
				3B11556EB7DC034E2FC958E4 /* BarChartTests.swift in Sources */,
				8E1192F7A7152E9DA92C56A9 /* ChartUtilsTests.swift in Sources */,
				2243BBFD1FF156EC00B49D0B /* EquatableTests.swift in Sources */,
				B6BF9A561F91993A00E62A5D /* CombinedChartTests.swift in Sources */,
				2BF85BEA981B359A65E9BF67 /* LineChartTests.swift in Sources */,
				B66817462241E3CC00017CF1 /* HorizontalBarChartTests.swift in Sources */,
				135F11CE20425AF600D655A3 /* PieChartTests.swift in Sources */,
				064989461F5C99C7006E8BB3 /* Utilities.swift in Sources */,
				C03E6D8123DAAB2600083010 /* ChartDataTests.swift in Sources */,
			);
			runOnlyForDeploymentPostprocessing = 0;
		};
/* End PBXSourcesBuildPhase section */

/* Begin PBXTargetDependency section */
		8676F8A013D87F9961E92465 /* PBXTargetDependency */ = {
			isa = PBXTargetDependency;
			name = Charts;
			target = A58A4ED274A941CA248EA921 /* Charts */;
			targetProxy = C2005F425A98942473657ED2 /* PBXContainerItemProxy */;
		};
/* End PBXTargetDependency section */

/* Begin XCBuildConfiguration section */
		0EF2164C35AB4D391B503317 /* Debug */ = {
			isa = XCBuildConfiguration;
			buildSettings = {
				APPLICATION_EXTENSION_API_ONLY = YES;
				COMBINE_HIDPI_IMAGES = YES;
				CURRENT_PROJECT_VERSION = 1;
				DEAD_CODE_STRIPPING = YES;
				DEBUG_INFORMATION_FORMAT = dwarf;
				DEFINES_MODULE = YES;
				DYLIB_COMPATIBILITY_VERSION = 1;
				DYLIB_CURRENT_VERSION = 1;
				DYLIB_INSTALL_NAME_BASE = "@rpath";
				ENABLE_STRICT_OBJC_MSGSEND = YES;
				FRAMEWORK_VERSION = A;
				GCC_NO_COMMON_BLOCKS = YES;
				INFOPLIST_FILE = "Source/Supporting Files/Info.plist";
				INSTALL_PATH = "$(LOCAL_LIBRARY_DIR)/Frameworks";
				IPHONEOS_DEPLOYMENT_TARGET = 12.0;
				LD_RUNPATH_SEARCH_PATHS = (
					"$(inherited)",
					"@executable_path/../Frameworks",
					"@loader_path/Frameworks",
				);
				MACOSX_DEPLOYMENT_TARGET = 10.13;
				MARKETING_VERSION = 4.1.0;
				MTL_ENABLE_DEBUG_INFO = YES;
				PRODUCT_BUNDLE_IDENTIFIER = com.dcg.Charts;
				PRODUCT_NAME = "$(TARGET_NAME)";
				SDKROOT = macosx;
				SKIP_INSTALL = YES;
				SUPPORTED_PLATFORMS = "macosx iphoneos iphonesimulator appletvos appletvsimulator";
				SWIFT_ACTIVE_COMPILATION_CONDITIONS = DEBUG;
				SWIFT_OPTIMIZATION_LEVEL = "-Onone";
				SWIFT_VERSION = 5.0;
				TVOS_DEPLOYMENT_TARGET = 12.0;
				VERSIONING_SYSTEM = "apple-generic";
				VERSION_INFO_PREFIX = "";
			};
			name = Debug;
		};
		4DD0BFDA94D4BC68192A1895 /* Debug */ = {
			isa = XCBuildConfiguration;
			buildSettings = {
				APPLICATION_EXTENSION_API_ONLY = NO;
				DEAD_CODE_STRIPPING = YES;
				DEBUG_INFORMATION_FORMAT = dwarf;
				ENABLE_STRICT_OBJC_MSGSEND = YES;
				GCC_NO_COMMON_BLOCKS = YES;
				INFOPLIST_FILE = Tests/ChartsTests/Resources/Info.plist;
				IPHONEOS_DEPLOYMENT_TARGET = 12.0;
				LD_RUNPATH_SEARCH_PATHS = (
					"$(inherited)",
					"@executable_path/Frameworks",
					"@loader_path/Frameworks",
				);
				"LD_RUNPATH_SEARCH_PATHS[sdk=macosx*]" = (
					"$(inherited)",
					"@executable_path/../Frameworks",
					"@loader_path/../Frameworks",
				);
				MTL_ENABLE_DEBUG_INFO = YES;
				PRODUCT_BUNDLE_IDENTIFIER = com.dcg.ChartsTests;
				PRODUCT_NAME = "$(TARGET_NAME)";
				SDKROOT = macosx;
				SUPPORTED_PLATFORMS = "iphoneos iphonesimulator appletvos appletvsimulator";
				SWIFT_ACTIVE_COMPILATION_CONDITIONS = DEBUG;
				SWIFT_OPTIMIZATION_LEVEL = "-Onone";
				SWIFT_VERSION = 5.0;
				TVOS_DEPLOYMENT_TARGET = 12.0;
			};
			name = Debug;
		};
		A17F60813C38081A2F1803D4 /* Release */ = {
			isa = XCBuildConfiguration;
			buildSettings = {
				ALWAYS_SEARCH_USER_PATHS = NO;
				CLANG_ANALYZER_LOCALIZABILITY_NONLOCALIZED = YES;
				CLANG_ANALYZER_NONNULL = YES;
				CLANG_ANALYZER_NUMBER_OBJECT_CONVERSION = YES;
				CLANG_CXX_LANGUAGE_STANDARD = "gnu++0x";
				CLANG_CXX_LIBRARY = "libc++";
				CLANG_ENABLE_MODULES = YES;
				CLANG_ENABLE_OBJC_ARC = YES;
				CLANG_WARN_BLOCK_CAPTURE_AUTORELEASING = YES;
				CLANG_WARN_BOOL_CONVERSION = YES;
				CLANG_WARN_COMMA = YES;
				CLANG_WARN_CONSTANT_CONVERSION = YES;
				CLANG_WARN_DEPRECATED_OBJC_IMPLEMENTATIONS = YES;
				CLANG_WARN_DIRECT_OBJC_ISA_USAGE = YES;
				CLANG_WARN_DOCUMENTATION_COMMENTS = YES;
				CLANG_WARN_EMPTY_BODY = YES;
				CLANG_WARN_ENUM_CONVERSION = YES;
				CLANG_WARN_INFINITE_RECURSION = YES;
				CLANG_WARN_INT_CONVERSION = YES;
				CLANG_WARN_NON_LITERAL_NULL_CONVERSION = YES;
				CLANG_WARN_OBJC_IMPLICIT_RETAIN_SELF = YES;
				CLANG_WARN_OBJC_LITERAL_CONVERSION = YES;
				CLANG_WARN_OBJC_ROOT_CLASS = YES;
				CLANG_WARN_QUOTED_INCLUDE_IN_FRAMEWORK_HEADER = YES;
				CLANG_WARN_RANGE_LOOP_ANALYSIS = YES;
				CLANG_WARN_STRICT_PROTOTYPES = YES;
				CLANG_WARN_SUSPICIOUS_MOVE = YES;
				CLANG_WARN_UNREACHABLE_CODE = YES;
				CLANG_WARN__DUPLICATE_METHOD_MATCH = YES;
				CODE_SIGN_IDENTITY = "";
				COMBINE_HIDPI_IMAGES = YES;
				COPY_PHASE_STRIP = YES;
				DEAD_CODE_STRIPPING = YES;
				ENABLE_NS_ASSERTIONS = NO;
				ENABLE_STRICT_OBJC_MSGSEND = YES;
				GCC_C_LANGUAGE_STANDARD = gnu99;
				GCC_NO_COMMON_BLOCKS = YES;
				GCC_WARN_64_TO_32_BIT_CONVERSION = YES;
				GCC_WARN_ABOUT_RETURN_TYPE = YES;
				GCC_WARN_UNDECLARED_SELECTOR = YES;
				GCC_WARN_UNINITIALIZED_AUTOS = YES;
				GCC_WARN_UNUSED_FUNCTION = YES;
				GCC_WARN_UNUSED_VARIABLE = YES;
				SDKROOT = macosx;
				SWIFT_COMPILATION_MODE = wholemodule;
				SWIFT_OPTIMIZATION_LEVEL = "-O";
				SWIFT_VERSION = 5.0;
				TARGETED_DEVICE_FAMILY = "1,2,3,4";
				VALIDATE_PRODUCT = YES;
			};
			name = Release;
		};
		C5C79E736CA16C93F421E934 /* Debug */ = {
			isa = XCBuildConfiguration;
			buildSettings = {
				ALWAYS_SEARCH_USER_PATHS = NO;
				CLANG_ANALYZER_LOCALIZABILITY_NONLOCALIZED = YES;
				CLANG_ANALYZER_NONNULL = YES;
				CLANG_ANALYZER_NUMBER_OBJECT_CONVERSION = YES;
				CLANG_CXX_LANGUAGE_STANDARD = "gnu++0x";
				CLANG_CXX_LIBRARY = "libc++";
				CLANG_ENABLE_MODULES = YES;
				CLANG_ENABLE_OBJC_ARC = YES;
				CLANG_WARN_BLOCK_CAPTURE_AUTORELEASING = YES;
				CLANG_WARN_BOOL_CONVERSION = YES;
				CLANG_WARN_COMMA = YES;
				CLANG_WARN_CONSTANT_CONVERSION = YES;
				CLANG_WARN_DEPRECATED_OBJC_IMPLEMENTATIONS = YES;
				CLANG_WARN_DIRECT_OBJC_ISA_USAGE = YES;
				CLANG_WARN_DOCUMENTATION_COMMENTS = YES;
				CLANG_WARN_EMPTY_BODY = YES;
				CLANG_WARN_ENUM_CONVERSION = YES;
				CLANG_WARN_INFINITE_RECURSION = YES;
				CLANG_WARN_INT_CONVERSION = YES;
				CLANG_WARN_NON_LITERAL_NULL_CONVERSION = YES;
				CLANG_WARN_OBJC_IMPLICIT_RETAIN_SELF = YES;
				CLANG_WARN_OBJC_LITERAL_CONVERSION = YES;
				CLANG_WARN_OBJC_ROOT_CLASS = YES;
				CLANG_WARN_QUOTED_INCLUDE_IN_FRAMEWORK_HEADER = YES;
				CLANG_WARN_RANGE_LOOP_ANALYSIS = YES;
				CLANG_WARN_STRICT_PROTOTYPES = YES;
				CLANG_WARN_SUSPICIOUS_MOVE = YES;
				CLANG_WARN_UNREACHABLE_CODE = YES;
				CLANG_WARN__DUPLICATE_METHOD_MATCH = YES;
				CODE_SIGN_IDENTITY = "";
				COMBINE_HIDPI_IMAGES = YES;
				COPY_PHASE_STRIP = NO;
				DEAD_CODE_STRIPPING = YES;
				ENABLE_STRICT_OBJC_MSGSEND = YES;
				ENABLE_TESTABILITY = YES;
				GCC_C_LANGUAGE_STANDARD = gnu99;
				GCC_DYNAMIC_NO_PIC = NO;
				GCC_NO_COMMON_BLOCKS = YES;
				GCC_OPTIMIZATION_LEVEL = 0;
				GCC_PREPROCESSOR_DEFINITIONS = (
					"DEBUG=1",
					"$(inherited)",
				);
				GCC_SYMBOLS_PRIVATE_EXTERN = NO;
				GCC_WARN_64_TO_32_BIT_CONVERSION = YES;
				GCC_WARN_ABOUT_RETURN_TYPE = YES;
				GCC_WARN_UNDECLARED_SELECTOR = YES;
				GCC_WARN_UNINITIALIZED_AUTOS = YES;
				GCC_WARN_UNUSED_FUNCTION = YES;
				GCC_WARN_UNUSED_VARIABLE = YES;
				ONLY_ACTIVE_ARCH = YES;
				SDKROOT = macosx;
				SWIFT_COMPILATION_MODE = wholemodule;
				SWIFT_OPTIMIZATION_LEVEL = "-O";
				SWIFT_VERSION = 5.0;
				TARGETED_DEVICE_FAMILY = "1,2,3,4";
			};
			name = Debug;
		};
		D9365FBCFFEE9FCFC79EC4C7 /* Release */ = {
			isa = XCBuildConfiguration;
			buildSettings = {
				APPLICATION_EXTENSION_API_ONLY = YES;
				COMBINE_HIDPI_IMAGES = YES;
				CURRENT_PROJECT_VERSION = 1;
				DEAD_CODE_STRIPPING = YES;
				DEBUG_INFORMATION_FORMAT = "dwarf-with-dsym";
				DEFINES_MODULE = YES;
				DYLIB_COMPATIBILITY_VERSION = 1;
				DYLIB_CURRENT_VERSION = 1;
				DYLIB_INSTALL_NAME_BASE = "@rpath";
				ENABLE_STRICT_OBJC_MSGSEND = YES;
				FRAMEWORK_VERSION = A;
				GCC_NO_COMMON_BLOCKS = YES;
				INFOPLIST_FILE = "Source/Supporting Files/Info.plist";
				INSTALL_PATH = "$(LOCAL_LIBRARY_DIR)/Frameworks";
				IPHONEOS_DEPLOYMENT_TARGET = 12.0;
				LD_RUNPATH_SEARCH_PATHS = (
					"$(inherited)",
					"@executable_path/../Frameworks",
					"@loader_path/Frameworks",
				);
				MACOSX_DEPLOYMENT_TARGET = 10.13;
				MARKETING_VERSION = 4.1.0;
				MTL_ENABLE_DEBUG_INFO = NO;
				PRODUCT_BUNDLE_IDENTIFIER = com.dcg.Charts;
				PRODUCT_NAME = "$(TARGET_NAME)";
				SDKROOT = macosx;
				SKIP_INSTALL = YES;
				SUPPORTED_PLATFORMS = "macosx iphoneos iphonesimulator appletvos appletvsimulator";
				SWIFT_COMPILATION_MODE = wholemodule;
				SWIFT_OPTIMIZATION_LEVEL = "-O";
				SWIFT_VERSION = 5.0;
				TVOS_DEPLOYMENT_TARGET = 12.0;
				VERSIONING_SYSTEM = "apple-generic";
				VERSION_INFO_PREFIX = "";
			};
			name = Release;
		};
		FA978B0A385680C0086D4D49 /* Release */ = {
			isa = XCBuildConfiguration;
			buildSettings = {
				APPLICATION_EXTENSION_API_ONLY = NO;
				DEAD_CODE_STRIPPING = YES;
				DEBUG_INFORMATION_FORMAT = "dwarf-with-dsym";
				ENABLE_STRICT_OBJC_MSGSEND = YES;
				GCC_NO_COMMON_BLOCKS = YES;
				INFOPLIST_FILE = Tests/ChartsTests/Resources/Info.plist;
				IPHONEOS_DEPLOYMENT_TARGET = 12.0;
				LD_RUNPATH_SEARCH_PATHS = (
					"$(inherited)",
					"@executable_path/Frameworks",
					"@loader_path/Frameworks",
				);
				"LD_RUNPATH_SEARCH_PATHS[sdk=macosx*]" = (
					"$(inherited)",
					"@executable_path/../Frameworks",
					"@loader_path/../Frameworks",
				);
				MTL_ENABLE_DEBUG_INFO = NO;
				PRODUCT_BUNDLE_IDENTIFIER = com.dcg.ChartsTests;
				PRODUCT_NAME = "$(TARGET_NAME)";
				SDKROOT = macosx;
				SUPPORTED_PLATFORMS = "iphoneos iphonesimulator appletvos appletvsimulator";
				SWIFT_COMPILATION_MODE = wholemodule;
				SWIFT_OPTIMIZATION_LEVEL = "-O";
				SWIFT_VERSION = 5.0;
				TVOS_DEPLOYMENT_TARGET = 12.0;
			};
			name = Release;
		};
/* End XCBuildConfiguration section */

/* Begin XCConfigurationList section */
		493FF4FB1D40FC7C51DDDA6B /* Build configuration list for PBXProject "Charts" */ = {
			isa = XCConfigurationList;
			buildConfigurations = (
				C5C79E736CA16C93F421E934 /* Debug */,
				A17F60813C38081A2F1803D4 /* Release */,
			);
			defaultConfigurationIsVisible = 0;
			defaultConfigurationName = Release;
		};
		E61E9728E2BF9CC4048B13D5 /* Build configuration list for PBXNativeTarget "ChartsTests" */ = {
			isa = XCConfigurationList;
			buildConfigurations = (
				FA978B0A385680C0086D4D49 /* Release */,
				4DD0BFDA94D4BC68192A1895 /* Debug */,
			);
			defaultConfigurationIsVisible = 0;
			defaultConfigurationName = Release;
		};
		F1D4AA9E26EA32041FC0E3B6 /* Build configuration list for PBXNativeTarget "Charts" */ = {
			isa = XCConfigurationList;
			buildConfigurations = (
				D9365FBCFFEE9FCFC79EC4C7 /* Release */,
				0EF2164C35AB4D391B503317 /* Debug */,
			);
			defaultConfigurationIsVisible = 0;
			defaultConfigurationName = Release;
		};
/* End XCConfigurationList section */

/* Begin XCRemoteSwiftPackageReference section */
		228D56212554F27A00BEE75E /* XCRemoteSwiftPackageReference "swift-algorithms" */ = {
			isa = XCRemoteSwiftPackageReference;
			repositoryURL = "https://github.com/apple/swift-algorithms";
			requirement = {
				kind = upToNextMajorVersion;
				minimumVersion = 1.0.0;
			};
		};
		22BBDA0625CC4C2F00435670 /* XCRemoteSwiftPackageReference "swift-snapshot-testing" */ = {
			isa = XCRemoteSwiftPackageReference;
			repositoryURL = "https://github.com/pointfreeco/swift-snapshot-testing";
			requirement = {
				kind = upToNextMajorVersion;
				minimumVersion = 1.8.2;
			};
		};
/* End XCRemoteSwiftPackageReference section */

/* Begin XCSwiftPackageProductDependency section */
		228D56222554F27A00BEE75E /* Algorithms */ = {
			isa = XCSwiftPackageProductDependency;
			package = 228D56212554F27A00BEE75E /* XCRemoteSwiftPackageReference "swift-algorithms" */;
			productName = Algorithms;
		};
		22BBDA0725CC4C2F00435670 /* SnapshotTesting */ = {
			isa = XCSwiftPackageProductDependency;
			package = 22BBDA0625CC4C2F00435670 /* XCRemoteSwiftPackageReference "swift-snapshot-testing" */;
			productName = SnapshotTesting;
		};
/* End XCSwiftPackageProductDependency section */
	};
	rootObject = 193FC8DF32D250560C5F5D77 /* Project object */;
}
